// !$*UTF8*$!
{
	archiveVersion = 1;
	classes = {
	};
	objectVersion = 46;
	objects = {

/* Begin PBXBuildFile section */
		08303F6D1EC320DAAE26D129 /* libPods-YYText.a in Frameworks */ = {isa = PBXBuildFile; fileRef = DDE546FD10C97213F96ADFBA /* libPods-YYText.a */; };
		632397BA1F9B46F200A8E31D /* 1.jpg in Resources */ = {isa = PBXBuildFile; fileRef = 632397B61F9B46D400A8E31D /* 1.jpg */; };
		632397BB1F9B46F200A8E31D /* 2.jpg in Resources */ = {isa = PBXBuildFile; fileRef = 632397B71F9B46D400A8E31D /* 2.jpg */; };
		632397BC1F9B46F200A8E31D /* 3.jpg in Resources */ = {isa = PBXBuildFile; fileRef = 632397B51F9B46D400A8E31D /* 3.jpg */; };
		632397BD1F9B46F200A8E31D /* 4.jpg in Resources */ = {isa = PBXBuildFile; fileRef = 632397B91F9B46D500A8E31D /* 4.jpg */; };
		632397BE1F9B46F200A8E31D /* 5.jpg in Resources */ = {isa = PBXBuildFile; fileRef = 632397B81F9B46D500A8E31D /* 5.jpg */; };
		633DC98C1F723D3F0029CC98 /* ViewController3.m in Sources */ = {isa = PBXBuildFile; fileRef = 633DC98B1F723D3F0029CC98 /* ViewController3.m */; };
		633DC98F1F723D490029CC98 /* ViewController4.m in Sources */ = {isa = PBXBuildFile; fileRef = 633DC98E1F723D490029CC98 /* ViewController4.m */; };
		633DC9921F723DC00029CC98 /* TransitionModel.m in Sources */ = {isa = PBXBuildFile; fileRef = 633DC9911F723DC00029CC98 /* TransitionModel.m */; };
		6348CC9F1F3C36DD007F04E2 /* images.bundle in Resources */ = {isa = PBXBuildFile; fileRef = 6348CC9E1F3C36DD007F04E2 /* images.bundle */; };
		6348CCA11F3C3885007F04E2 /* tabbar_compose_friend@2x.png in Resources */ = {isa = PBXBuildFile; fileRef = 6348CCA01F3C3885007F04E2 /* tabbar_compose_friend@2x.png */; };
		6348CCA61F3C3FD4007F04E2 /* AnimationView.m in Sources */ = {isa = PBXBuildFile; fileRef = 6348CCA51F3C3FD4007F04E2 /* AnimationView.m */; };
		6348CCAB1F3C49C8007F04E2 /* ViewController1.m in Sources */ = {isa = PBXBuildFile; fileRef = 6348CCAA1F3C49C8007F04E2 /* ViewController1.m */; };
		6348CCAE1F3C4A13007F04E2 /* MainViewController.m in Sources */ = {isa = PBXBuildFile; fileRef = 6348CCAD1F3C4A13007F04E2 /* MainViewController.m */; };
		6348CCB21F3C4D30007F04E2 /* LayerViewController.m in Sources */ = {isa = PBXBuildFile; fileRef = 6348CCB11F3C4D30007F04E2 /* LayerViewController.m */; };
		636701D41F7CCDA70047E798 /* MovieParseViewController.m in Sources */ = {isa = PBXBuildFile; fileRef = 636701D31F7CCDA70047E798 /* MovieParseViewController.m */; };
		636701DB1F7CD7CA0047E798 /* FMLPlayLayerView.m in Sources */ = {isa = PBXBuildFile; fileRef = 636701DA1F7CD7C90047E798 /* FMLPlayLayerView.m */; };
		636701DE1F7CE1FF0047E798 /* Test.mp4 in Resources */ = {isa = PBXBuildFile; fileRef = 636701DD1F7CDC380047E798 /* Test.mp4 */; };
		636E573E1F3AA8000018825A /* main.m in Sources */ = {isa = PBXBuildFile; fileRef = 636E573D1F3AA8000018825A /* main.m */; };
		636E57411F3AA8000018825A /* AppDelegate.m in Sources */ = {isa = PBXBuildFile; fileRef = 636E57401F3AA8000018825A /* AppDelegate.m */; };
		636E57441F3AA8010018825A /* ViewController.m in Sources */ = {isa = PBXBuildFile; fileRef = 636E57431F3AA8010018825A /* ViewController.m */; };
		636E57471F3AA8010018825A /* Main.storyboard in Resources */ = {isa = PBXBuildFile; fileRef = 636E57451F3AA8010018825A /* Main.storyboard */; };
		636E57491F3AA8010018825A /* Assets.xcassets in Resources */ = {isa = PBXBuildFile; fileRef = 636E57481F3AA8010018825A /* Assets.xcassets */; };
		636E574C1F3AA8010018825A /* LaunchScreen.storyboard in Resources */ = {isa = PBXBuildFile; fileRef = 636E574A1F3AA8010018825A /* LaunchScreen.storyboard */; };
		636E57571F3AA8010018825A /* YYTextTests.m in Sources */ = {isa = PBXBuildFile; fileRef = 636E57561F3AA8010018825A /* YYTextTests.m */; };
		636E57621F3AA8010018825A /* YYTextUITests.m in Sources */ = {isa = PBXBuildFile; fileRef = 636E57611F3AA8010018825A /* YYTextUITests.m */; };
		636E57711F3AB0AF0018825A /* YYTextManager.m in Sources */ = {isa = PBXBuildFile; fileRef = 636E57701F3AB0AF0018825A /* YYTextManager.m */; };
		636E57811F3AF6240018825A /* EmoticonQQ.bundle in Resources */ = {isa = PBXBuildFile; fileRef = 636E57801F3AF6240018825A /* EmoticonQQ.bundle */; };
		63783D571F5E76AF004DE51E /* BullViewController.m in Sources */ = {isa = PBXBuildFile; fileRef = 63783D561F5E76AF004DE51E /* BullViewController.m */; };
		63783D5A1F5E7797004DE51E /* BulletView.m in Sources */ = {isa = PBXBuildFile; fileRef = 63783D591F5E7797004DE51E /* BulletView.m */; };
		63783D5D1F5E7BBF004DE51E /* BulletManager.m in Sources */ = {isa = PBXBuildFile; fileRef = 63783D5C1F5E7BBF004DE51E /* BulletManager.m */; };
		63830FB91F7E29500025D959 /* MovieFileOutPut.m in Sources */ = {isa = PBXBuildFile; fileRef = 63830FB81F7E29500025D959 /* MovieFileOutPut.m */; };
		639249C31F6905DB0026019A /* WeChatHeader.m in Sources */ = {isa = PBXBuildFile; fileRef = 639249C21F6905DB0026019A /* WeChatHeader.m */; };
		639249C61F6906AC0026019A /* WeChatCell.m in Sources */ = {isa = PBXBuildFile; fileRef = 639249C51F6906AC0026019A /* WeChatCell.m */; };
		639249C81F690A1D0026019A /* WechatIMG77.jpeg in Resources */ = {isa = PBXBuildFile; fileRef = 639249C71F690A1D0026019A /* WechatIMG77.jpeg */; };
		639249CA1F690C440026019A /* WechatIMG80.jpeg in Resources */ = {isa = PBXBuildFile; fileRef = 639249C91F690C440026019A /* WechatIMG80.jpeg */; };
		639249CD1F6912FE0026019A /* MoreImageView.m in Sources */ = {isa = PBXBuildFile; fileRef = 639249CC1F6912FE0026019A /* MoreImageView.m */; };
		63940C571F611E1E008FA225 /* NewsDetailViewController.m in Sources */ = {isa = PBXBuildFile; fileRef = 63940C561F611E1E008FA225 /* NewsDetailViewController.m */; };
		63940C5E1F61469D008FA225 /* newDetail.css in Resources */ = {isa = PBXBuildFile; fileRef = 63940C5C1F61469D008FA225 /* newDetail.css */; };
		63940C5F1F61469D008FA225 /* newDetail.js in Resources */ = {isa = PBXBuildFile; fileRef = 63940C5D1F61469D008FA225 /* newDetail.js */; };
		6399E6E71F63770B00DF8EF9 /* WeChatSearchViewController.m in Sources */ = {isa = PBXBuildFile; fileRef = 6399E6E61F63770B00DF8EF9 /* WeChatSearchViewController.m */; };
		6399E6EA1F637A3100DF8EF9 /* SearchResultViewController.m in Sources */ = {isa = PBXBuildFile; fileRef = 6399E6E91F637A3100DF8EF9 /* SearchResultViewController.m */; };
		6399E6EE1F63972600DF8EF9 /* 语音.png in Resources */ = {isa = PBXBuildFile; fileRef = 6399E6ED1F63972600DF8EF9 /* 语音.png */; };
		6399E6F21F6397AB00DF8EF9 /* WeChatFrindCircle.m in Sources */ = {isa = PBXBuildFile; fileRef = 6399E6F11F6397AB00DF8EF9 /* WeChatFrindCircle.m */; };
		639A95DD1F90C81B0000D17B /* MainNavViewController.m in Sources */ = {isa = PBXBuildFile; fileRef = 639A95DC1F90C81B0000D17B /* MainNavViewController.m */; };
		63ADF1071F91E83B00F0A7E0 /* DownLoadViewController.m in Sources */ = {isa = PBXBuildFile; fileRef = 63ADF1061F91E83B00F0A7E0 /* DownLoadViewController.m */; };
		63ADF10A1F91EDA500F0A7E0 /* DownLoadManager.m in Sources */ = {isa = PBXBuildFile; fileRef = 63ADF1091F91EDA500F0A7E0 /* DownLoadManager.m */; };
		63BAED3F1F6CFA4100C3BBB5 /* FMDBViewController.m in Sources */ = {isa = PBXBuildFile; fileRef = 63BAED3E1F6CFA4100C3BBB5 /* FMDBViewController.m */; };
		63BAED421F6CFA8E00C3BBB5 /* FMDBManager.m in Sources */ = {isa = PBXBuildFile; fileRef = 63BAED411F6CFA8E00C3BBB5 /* FMDBManager.m */; };
		63C0F08F1F5FF16E00BA078B /* 1.png in Resources */ = {isa = PBXBuildFile; fileRef = 63C0F08E1F5FF16E00BA078B /* 1.png */; };
		63C0F0921F6006CF00BA078B /* NSString+Category.m in Sources */ = {isa = PBXBuildFile; fileRef = 63C0F0911F6006CF00BA078B /* NSString+Category.m */; };
		63C84A471F9B3956006F3603 /* BannerScrollViewController.m in Sources */ = {isa = PBXBuildFile; fileRef = 63C84A461F9B3956006F3603 /* BannerScrollViewController.m */; };
		63C84A4A1F9B39E4006F3603 /* BSYScrollView.m in Sources */ = {isa = PBXBuildFile; fileRef = 63C84A491F9B39E4006F3603 /* BSYScrollView.m */; };
		63F452901F7CE857000ABA34 /* FMLClipView.m in Sources */ = {isa = PBXBuildFile; fileRef = 63F4528F1F7CE857000ABA34 /* FMLClipView.m */; };
		63F452941F7CE9D1000ABA34 /* FMLScaledImageViewCell.m in Sources */ = {isa = PBXBuildFile; fileRef = 63F452911F7CE9D0000ABA34 /* FMLScaledImageViewCell.m */; };
		63F452971F7CEC41000ABA34 /* AVAsset+FMLVideo.m in Sources */ = {isa = PBXBuildFile; fileRef = 63F452961F7CEC40000ABA34 /* AVAsset+FMLVideo.m */; };
		63F4529A1F7CECE2000ABA34 /* UIImage+FMLClipRect.m in Sources */ = {isa = PBXBuildFile; fileRef = 63F452981F7CECE1000ABA34 /* UIImage+FMLClipRect.m */; };
		63F4529E1F7CF8B3000ABA34 /* FMLScaledImageViewCell.xib in Resources */ = {isa = PBXBuildFile; fileRef = 63F4529D1F7CF8B3000ABA34 /* FMLScaledImageViewCell.xib */; };
/* End PBXBuildFile section */

/* Begin PBXContainerItemProxy section */
		636E57531F3AA8010018825A /* PBXContainerItemProxy */ = {
			isa = PBXContainerItemProxy;
			containerPortal = 636E57311F3AA8000018825A /* Project object */;
			proxyType = 1;
			remoteGlobalIDString = 636E57381F3AA8000018825A;
			remoteInfo = YYText;
		};
		636E575E1F3AA8010018825A /* PBXContainerItemProxy */ = {
			isa = PBXContainerItemProxy;
			containerPortal = 636E57311F3AA8000018825A /* Project object */;
			proxyType = 1;
			remoteGlobalIDString = 636E57381F3AA8000018825A;
			remoteInfo = YYText;
		};
/* End PBXContainerItemProxy section */

/* Begin PBXFileReference section */
		30A6791D1503951D0FDA45CA /* Pods-YYText.release.xcconfig */ = {isa = PBXFileReference; includeInIndex = 1; lastKnownFileType = text.xcconfig; name = "Pods-YYText.release.xcconfig"; path = "Pods/Target Support Files/Pods-YYText/Pods-YYText.release.xcconfig"; sourceTree = "<group>"; };
		632397B51F9B46D400A8E31D /* 3.jpg */ = {isa = PBXFileReference; lastKnownFileType = image.jpeg; path = 3.jpg; sourceTree = "<group>"; };
		632397B61F9B46D400A8E31D /* 1.jpg */ = {isa = PBXFileReference; lastKnownFileType = image.jpeg; path = 1.jpg; sourceTree = "<group>"; };
		632397B71F9B46D400A8E31D /* 2.jpg */ = {isa = PBXFileReference; lastKnownFileType = image.jpeg; path = 2.jpg; sourceTree = "<group>"; };
		632397B81F9B46D500A8E31D /* 5.jpg */ = {isa = PBXFileReference; lastKnownFileType = image.jpeg; path = 5.jpg; sourceTree = "<group>"; };
		632397B91F9B46D500A8E31D /* 4.jpg */ = {isa = PBXFileReference; lastKnownFileType = image.jpeg; path = 4.jpg; sourceTree = "<group>"; };
		633DC98A1F723D3F0029CC98 /* ViewController3.h */ = {isa = PBXFileReference; fileEncoding = 4; lastKnownFileType = sourcecode.c.h; path = ViewController3.h; sourceTree = "<group>"; };
		633DC98B1F723D3F0029CC98 /* ViewController3.m */ = {isa = PBXFileReference; fileEncoding = 4; lastKnownFileType = sourcecode.c.objc; path = ViewController3.m; sourceTree = "<group>"; };
		633DC98D1F723D490029CC98 /* ViewController4.h */ = {isa = PBXFileReference; fileEncoding = 4; lastKnownFileType = sourcecode.c.h; path = ViewController4.h; sourceTree = "<group>"; };
		633DC98E1F723D490029CC98 /* ViewController4.m */ = {isa = PBXFileReference; fileEncoding = 4; lastKnownFileType = sourcecode.c.objc; path = ViewController4.m; sourceTree = "<group>"; };
		633DC9901F723DC00029CC98 /* TransitionModel.h */ = {isa = PBXFileReference; fileEncoding = 4; lastKnownFileType = sourcecode.c.h; path = TransitionModel.h; sourceTree = "<group>"; };
		633DC9911F723DC00029CC98 /* TransitionModel.m */ = {isa = PBXFileReference; fileEncoding = 4; lastKnownFileType = sourcecode.c.objc; path = TransitionModel.m; sourceTree = "<group>"; };
		6348CC9E1F3C36DD007F04E2 /* images.bundle */ = {isa = PBXFileReference; lastKnownFileType = "wrapper.plug-in"; path = images.bundle; sourceTree = "<group>"; };
		6348CCA01F3C3885007F04E2 /* tabbar_compose_friend@2x.png */ = {isa = PBXFileReference; lastKnownFileType = image.png; name = "tabbar_compose_friend@2x.png"; path = "images.bundle/tabbar_compose_friend@2x.png"; sourceTree = "<group>"; };
		6348CCA41F3C3FD4007F04E2 /* AnimationView.h */ = {isa = PBXFileReference; fileEncoding = 4; lastKnownFileType = sourcecode.c.h; path = AnimationView.h; sourceTree = "<group>"; };
		6348CCA51F3C3FD4007F04E2 /* AnimationView.m */ = {isa = PBXFileReference; fileEncoding = 4; lastKnownFileType = sourcecode.c.objc; path = AnimationView.m; sourceTree = "<group>"; };
		6348CCA91F3C49C8007F04E2 /* ViewController1.h */ = {isa = PBXFileReference; fileEncoding = 4; lastKnownFileType = sourcecode.c.h; path = ViewController1.h; sourceTree = "<group>"; };
		6348CCAA1F3C49C8007F04E2 /* ViewController1.m */ = {isa = PBXFileReference; fileEncoding = 4; lastKnownFileType = sourcecode.c.objc; path = ViewController1.m; sourceTree = "<group>"; };
		6348CCAC1F3C4A13007F04E2 /* MainViewController.h */ = {isa = PBXFileReference; fileEncoding = 4; lastKnownFileType = sourcecode.c.h; path = MainViewController.h; sourceTree = "<group>"; };
		6348CCAD1F3C4A13007F04E2 /* MainViewController.m */ = {isa = PBXFileReference; fileEncoding = 4; lastKnownFileType = sourcecode.c.objc; path = MainViewController.m; sourceTree = "<group>"; };
		6348CCB01F3C4D30007F04E2 /* LayerViewController.h */ = {isa = PBXFileReference; fileEncoding = 4; lastKnownFileType = sourcecode.c.h; path = LayerViewController.h; sourceTree = "<group>"; };
		6348CCB11F3C4D30007F04E2 /* LayerViewController.m */ = {isa = PBXFileReference; fileEncoding = 4; lastKnownFileType = sourcecode.c.objc; path = LayerViewController.m; sourceTree = "<group>"; };
		636701D21F7CCDA70047E798 /* MovieParseViewController.h */ = {isa = PBXFileReference; lastKnownFileType = sourcecode.c.h; path = MovieParseViewController.h; sourceTree = "<group>"; };
		636701D31F7CCDA70047E798 /* MovieParseViewController.m */ = {isa = PBXFileReference; lastKnownFileType = sourcecode.c.objc; path = MovieParseViewController.m; sourceTree = "<group>"; };
		636701D91F7CD7C80047E798 /* FMLPlayLayerView.h */ = {isa = PBXFileReference; lastKnownFileType = sourcecode.c.h; path = FMLPlayLayerView.h; sourceTree = "<group>"; };
		636701DA1F7CD7C90047E798 /* FMLPlayLayerView.m */ = {isa = PBXFileReference; lastKnownFileType = sourcecode.c.objc; path = FMLPlayLayerView.m; sourceTree = "<group>"; };
		636701DD1F7CDC380047E798 /* Test.mp4 */ = {isa = PBXFileReference; lastKnownFileType = file; path = Test.mp4; sourceTree = "<group>"; };
		636E57391F3AA8000018825A /* YYText.app */ = {isa = PBXFileReference; explicitFileType = wrapper.application; includeInIndex = 0; path = YYText.app; sourceTree = BUILT_PRODUCTS_DIR; };
		636E573D1F3AA8000018825A /* main.m */ = {isa = PBXFileReference; lastKnownFileType = sourcecode.c.objc; path = main.m; sourceTree = "<group>"; };
		636E573F1F3AA8000018825A /* AppDelegate.h */ = {isa = PBXFileReference; lastKnownFileType = sourcecode.c.h; path = AppDelegate.h; sourceTree = "<group>"; };
		636E57401F3AA8000018825A /* AppDelegate.m */ = {isa = PBXFileReference; lastKnownFileType = sourcecode.c.objc; path = AppDelegate.m; sourceTree = "<group>"; };
		636E57421F3AA8000018825A /* ViewController.h */ = {isa = PBXFileReference; lastKnownFileType = sourcecode.c.h; path = ViewController.h; sourceTree = "<group>"; };
		636E57431F3AA8010018825A /* ViewController.m */ = {isa = PBXFileReference; lastKnownFileType = sourcecode.c.objc; path = ViewController.m; sourceTree = "<group>"; };
		636E57461F3AA8010018825A /* Base */ = {isa = PBXFileReference; lastKnownFileType = file.storyboard; name = Base; path = Base.lproj/Main.storyboard; sourceTree = "<group>"; };
		636E57481F3AA8010018825A /* Assets.xcassets */ = {isa = PBXFileReference; lastKnownFileType = folder.assetcatalog; path = Assets.xcassets; sourceTree = "<group>"; };
		636E574B1F3AA8010018825A /* Base */ = {isa = PBXFileReference; lastKnownFileType = file.storyboard; name = Base; path = Base.lproj/LaunchScreen.storyboard; sourceTree = "<group>"; };
		636E574D1F3AA8010018825A /* Info.plist */ = {isa = PBXFileReference; lastKnownFileType = text.plist.xml; path = Info.plist; sourceTree = "<group>"; };
		636E57521F3AA8010018825A /* YYTextTests.xctest */ = {isa = PBXFileReference; explicitFileType = wrapper.cfbundle; includeInIndex = 0; path = YYTextTests.xctest; sourceTree = BUILT_PRODUCTS_DIR; };
		636E57561F3AA8010018825A /* YYTextTests.m */ = {isa = PBXFileReference; lastKnownFileType = sourcecode.c.objc; path = YYTextTests.m; sourceTree = "<group>"; };
		636E57581F3AA8010018825A /* Info.plist */ = {isa = PBXFileReference; lastKnownFileType = text.plist.xml; path = Info.plist; sourceTree = "<group>"; };
		636E575D1F3AA8010018825A /* YYTextUITests.xctest */ = {isa = PBXFileReference; explicitFileType = wrapper.cfbundle; includeInIndex = 0; path = YYTextUITests.xctest; sourceTree = BUILT_PRODUCTS_DIR; };
		636E57611F3AA8010018825A /* YYTextUITests.m */ = {isa = PBXFileReference; lastKnownFileType = sourcecode.c.objc; path = YYTextUITests.m; sourceTree = "<group>"; };
		636E57631F3AA8010018825A /* Info.plist */ = {isa = PBXFileReference; lastKnownFileType = text.plist.xml; path = Info.plist; sourceTree = "<group>"; };
		636E576F1F3AB0AF0018825A /* YYTextManager.h */ = {isa = PBXFileReference; fileEncoding = 4; lastKnownFileType = sourcecode.c.h; path = YYTextManager.h; sourceTree = "<group>"; };
		636E57701F3AB0AF0018825A /* YYTextManager.m */ = {isa = PBXFileReference; fileEncoding = 4; lastKnownFileType = sourcecode.c.objc; path = YYTextManager.m; sourceTree = "<group>"; };
		636E57801F3AF6240018825A /* EmoticonQQ.bundle */ = {isa = PBXFileReference; lastKnownFileType = "wrapper.plug-in"; path = EmoticonQQ.bundle; sourceTree = "<group>"; };
		63783D551F5E76AF004DE51E /* BullViewController.h */ = {isa = PBXFileReference; fileEncoding = 4; lastKnownFileType = sourcecode.c.h; path = BullViewController.h; sourceTree = "<group>"; };
		63783D561F5E76AF004DE51E /* BullViewController.m */ = {isa = PBXFileReference; fileEncoding = 4; lastKnownFileType = sourcecode.c.objc; path = BullViewController.m; sourceTree = "<group>"; };
		63783D581F5E7797004DE51E /* BulletView.h */ = {isa = PBXFileReference; fileEncoding = 4; lastKnownFileType = sourcecode.c.h; path = BulletView.h; sourceTree = "<group>"; };
		63783D591F5E7797004DE51E /* BulletView.m */ = {isa = PBXFileReference; fileEncoding = 4; lastKnownFileType = sourcecode.c.objc; path = BulletView.m; sourceTree = "<group>"; };
		63783D5B1F5E7BBE004DE51E /* BulletManager.h */ = {isa = PBXFileReference; fileEncoding = 4; lastKnownFileType = sourcecode.c.h; path = BulletManager.h; sourceTree = "<group>"; };
		63783D5C1F5E7BBF004DE51E /* BulletManager.m */ = {isa = PBXFileReference; fileEncoding = 4; lastKnownFileType = sourcecode.c.objc; path = BulletManager.m; sourceTree = "<group>"; };
		63830FB71F7E29500025D959 /* MovieFileOutPut.h */ = {isa = PBXFileReference; lastKnownFileType = sourcecode.c.h; path = MovieFileOutPut.h; sourceTree = "<group>"; };
		63830FB81F7E29500025D959 /* MovieFileOutPut.m */ = {isa = PBXFileReference; lastKnownFileType = sourcecode.c.objc; path = MovieFileOutPut.m; sourceTree = "<group>"; };
		639249C11F6905DB0026019A /* WeChatHeader.h */ = {isa = PBXFileReference; fileEncoding = 4; lastKnownFileType = sourcecode.c.h; path = WeChatHeader.h; sourceTree = "<group>"; };
		639249C21F6905DB0026019A /* WeChatHeader.m */ = {isa = PBXFileReference; fileEncoding = 4; lastKnownFileType = sourcecode.c.objc; path = WeChatHeader.m; sourceTree = "<group>"; };
		639249C41F6906AC0026019A /* WeChatCell.h */ = {isa = PBXFileReference; fileEncoding = 4; lastKnownFileType = sourcecode.c.h; path = WeChatCell.h; sourceTree = "<group>"; };
		639249C51F6906AC0026019A /* WeChatCell.m */ = {isa = PBXFileReference; fileEncoding = 4; lastKnownFileType = sourcecode.c.objc; path = WeChatCell.m; sourceTree = "<group>"; };
		639249C71F690A1D0026019A /* WechatIMG77.jpeg */ = {isa = PBXFileReference; lastKnownFileType = image.jpeg; path = WechatIMG77.jpeg; sourceTree = "<group>"; };
		639249C91F690C440026019A /* WechatIMG80.jpeg */ = {isa = PBXFileReference; lastKnownFileType = image.jpeg; path = WechatIMG80.jpeg; sourceTree = "<group>"; };
		639249CB1F6912FD0026019A /* MoreImageView.h */ = {isa = PBXFileReference; fileEncoding = 4; lastKnownFileType = sourcecode.c.h; path = MoreImageView.h; sourceTree = "<group>"; };
		639249CC1F6912FE0026019A /* MoreImageView.m */ = {isa = PBXFileReference; fileEncoding = 4; lastKnownFileType = sourcecode.c.objc; path = MoreImageView.m; sourceTree = "<group>"; };
		63940C551F611E1E008FA225 /* NewsDetailViewController.h */ = {isa = PBXFileReference; fileEncoding = 4; lastKnownFileType = sourcecode.c.h; path = NewsDetailViewController.h; sourceTree = "<group>"; };
		63940C561F611E1E008FA225 /* NewsDetailViewController.m */ = {isa = PBXFileReference; fileEncoding = 4; lastKnownFileType = sourcecode.c.objc; path = NewsDetailViewController.m; sourceTree = "<group>"; };
		63940C5C1F61469D008FA225 /* newDetail.css */ = {isa = PBXFileReference; fileEncoding = 4; lastKnownFileType = text.css; path = newDetail.css; sourceTree = "<group>"; };
		63940C5D1F61469D008FA225 /* newDetail.js */ = {isa = PBXFileReference; fileEncoding = 4; lastKnownFileType = sourcecode.javascript; path = newDetail.js; sourceTree = "<group>"; };
		6399E6E51F63770B00DF8EF9 /* WeChatSearchViewController.h */ = {isa = PBXFileReference; fileEncoding = 4; lastKnownFileType = sourcecode.c.h; path = WeChatSearchViewController.h; sourceTree = "<group>"; };
		6399E6E61F63770B00DF8EF9 /* WeChatSearchViewController.m */ = {isa = PBXFileReference; fileEncoding = 4; lastKnownFileType = sourcecode.c.objc; path = WeChatSearchViewController.m; sourceTree = "<group>"; };
		6399E6E81F637A3000DF8EF9 /* SearchResultViewController.h */ = {isa = PBXFileReference; fileEncoding = 4; lastKnownFileType = sourcecode.c.h; path = SearchResultViewController.h; sourceTree = "<group>"; };
		6399E6E91F637A3100DF8EF9 /* SearchResultViewController.m */ = {isa = PBXFileReference; fileEncoding = 4; lastKnownFileType = sourcecode.c.objc; path = SearchResultViewController.m; sourceTree = "<group>"; };
		6399E6ED1F63972600DF8EF9 /* 语音.png */ = {isa = PBXFileReference; lastKnownFileType = image.png; path = "语音.png"; sourceTree = "<group>"; };
		6399E6F01F6397AB00DF8EF9 /* WeChatFrindCircle.h */ = {isa = PBXFileReference; fileEncoding = 4; lastKnownFileType = sourcecode.c.h; path = WeChatFrindCircle.h; sourceTree = "<group>"; };
		6399E6F11F6397AB00DF8EF9 /* WeChatFrindCircle.m */ = {isa = PBXFileReference; fileEncoding = 4; lastKnownFileType = sourcecode.c.objc; path = WeChatFrindCircle.m; sourceTree = "<group>"; };
		639A95DB1F90C81B0000D17B /* MainNavViewController.h */ = {isa = PBXFileReference; lastKnownFileType = sourcecode.c.h; path = MainNavViewController.h; sourceTree = "<group>"; };
		639A95DC1F90C81B0000D17B /* MainNavViewController.m */ = {isa = PBXFileReference; lastKnownFileType = sourcecode.c.objc; path = MainNavViewController.m; sourceTree = "<group>"; };
		63ADF1051F91E83B00F0A7E0 /* DownLoadViewController.h */ = {isa = PBXFileReference; lastKnownFileType = sourcecode.c.h; path = DownLoadViewController.h; sourceTree = "<group>"; };
		63ADF1061F91E83B00F0A7E0 /* DownLoadViewController.m */ = {isa = PBXFileReference; lastKnownFileType = sourcecode.c.objc; path = DownLoadViewController.m; sourceTree = "<group>"; };
		63ADF1081F91EDA400F0A7E0 /* DownLoadManager.h */ = {isa = PBXFileReference; lastKnownFileType = sourcecode.c.h; path = DownLoadManager.h; sourceTree = "<group>"; };
		63ADF1091F91EDA500F0A7E0 /* DownLoadManager.m */ = {isa = PBXFileReference; lastKnownFileType = sourcecode.c.objc; path = DownLoadManager.m; sourceTree = "<group>"; };
		63BAED3D1F6CFA4100C3BBB5 /* FMDBViewController.h */ = {isa = PBXFileReference; fileEncoding = 4; lastKnownFileType = sourcecode.c.h; path = FMDBViewController.h; sourceTree = "<group>"; };
		63BAED3E1F6CFA4100C3BBB5 /* FMDBViewController.m */ = {isa = PBXFileReference; fileEncoding = 4; lastKnownFileType = sourcecode.c.objc; path = FMDBViewController.m; sourceTree = "<group>"; };
		63BAED401F6CFA8E00C3BBB5 /* FMDBManager.h */ = {isa = PBXFileReference; fileEncoding = 4; lastKnownFileType = sourcecode.c.h; path = FMDBManager.h; sourceTree = "<group>"; };
		63BAED411F6CFA8E00C3BBB5 /* FMDBManager.m */ = {isa = PBXFileReference; fileEncoding = 4; lastKnownFileType = sourcecode.c.objc; path = FMDBManager.m; sourceTree = "<group>"; };
		63C0F08E1F5FF16E00BA078B /* 1.png */ = {isa = PBXFileReference; lastKnownFileType = image.png; path = 1.png; sourceTree = "<group>"; };
		63C0F0901F6006CF00BA078B /* NSString+Category.h */ = {isa = PBXFileReference; fileEncoding = 4; lastKnownFileType = sourcecode.c.h; path = "NSString+Category.h"; sourceTree = "<group>"; };
		63C0F0911F6006CF00BA078B /* NSString+Category.m */ = {isa = PBXFileReference; fileEncoding = 4; lastKnownFileType = sourcecode.c.objc; path = "NSString+Category.m"; sourceTree = "<group>"; };
		63C84A451F9B3956006F3603 /* BannerScrollViewController.h */ = {isa = PBXFileReference; lastKnownFileType = sourcecode.c.h; path = BannerScrollViewController.h; sourceTree = "<group>"; };
		63C84A461F9B3956006F3603 /* BannerScrollViewController.m */ = {isa = PBXFileReference; lastKnownFileType = sourcecode.c.objc; path = BannerScrollViewController.m; sourceTree = "<group>"; };
		63C84A481F9B39E4006F3603 /* BSYScrollView.h */ = {isa = PBXFileReference; lastKnownFileType = sourcecode.c.h; path = BSYScrollView.h; sourceTree = "<group>"; };
		63C84A491F9B39E4006F3603 /* BSYScrollView.m */ = {isa = PBXFileReference; lastKnownFileType = sourcecode.c.objc; path = BSYScrollView.m; sourceTree = "<group>"; };
		63F4528E1F7CE857000ABA34 /* FMLClipView.h */ = {isa = PBXFileReference; lastKnownFileType = sourcecode.c.h; path = FMLClipView.h; sourceTree = "<group>"; };
		63F4528F1F7CE857000ABA34 /* FMLClipView.m */ = {isa = PBXFileReference; lastKnownFileType = sourcecode.c.objc; path = FMLClipView.m; sourceTree = "<group>"; };
		63F452911F7CE9D0000ABA34 /* FMLScaledImageViewCell.m */ = {isa = PBXFileReference; lastKnownFileType = sourcecode.c.objc; path = FMLScaledImageViewCell.m; sourceTree = "<group>"; };
		63F452921F7CE9D0000ABA34 /* FMLScaledImageViewCell.h */ = {isa = PBXFileReference; lastKnownFileType = sourcecode.c.h; path = FMLScaledImageViewCell.h; sourceTree = "<group>"; };
		63F452951F7CEC40000ABA34 /* AVAsset+FMLVideo.h */ = {isa = PBXFileReference; lastKnownFileType = sourcecode.c.h; path = "AVAsset+FMLVideo.h"; sourceTree = "<group>"; };
		63F452961F7CEC40000ABA34 /* AVAsset+FMLVideo.m */ = {isa = PBXFileReference; lastKnownFileType = sourcecode.c.objc; path = "AVAsset+FMLVideo.m"; sourceTree = "<group>"; };
		63F452981F7CECE1000ABA34 /* UIImage+FMLClipRect.m */ = {isa = PBXFileReference; lastKnownFileType = sourcecode.c.objc; path = "UIImage+FMLClipRect.m"; sourceTree = "<group>"; };
		63F452991F7CECE1000ABA34 /* UIImage+FMLClipRect.h */ = {isa = PBXFileReference; lastKnownFileType = sourcecode.c.h; path = "UIImage+FMLClipRect.h"; sourceTree = "<group>"; };
		63F4529D1F7CF8B3000ABA34 /* FMLScaledImageViewCell.xib */ = {isa = PBXFileReference; lastKnownFileType = file.xib; path = FMLScaledImageViewCell.xib; sourceTree = "<group>"; };
		973D63001DD7126D1F897000 /* Pods-YYText.debug.xcconfig */ = {isa = PBXFileReference; includeInIndex = 1; lastKnownFileType = text.xcconfig; name = "Pods-YYText.debug.xcconfig"; path = "Pods/Target Support Files/Pods-YYText/Pods-YYText.debug.xcconfig"; sourceTree = "<group>"; };
		DDE546FD10C97213F96ADFBA /* libPods-YYText.a */ = {isa = PBXFileReference; explicitFileType = archive.ar; includeInIndex = 0; path = "libPods-YYText.a"; sourceTree = BUILT_PRODUCTS_DIR; };
/* End PBXFileReference section */

/* Begin PBXFrameworksBuildPhase section */
		636E57361F3AA8000018825A /* Frameworks */ = {
			isa = PBXFrameworksBuildPhase;
			buildActionMask = 2147483647;
			files = (
				08303F6D1EC320DAAE26D129 /* libPods-YYText.a in Frameworks */,
			);
			runOnlyForDeploymentPostprocessing = 0;
		};
		636E574F1F3AA8010018825A /* Frameworks */ = {
			isa = PBXFrameworksBuildPhase;
			buildActionMask = 2147483647;
			files = (
			);
			runOnlyForDeploymentPostprocessing = 0;
		};
		636E575A1F3AA8010018825A /* Frameworks */ = {
			isa = PBXFrameworksBuildPhase;
			buildActionMask = 2147483647;
			files = (
			);
			runOnlyForDeploymentPostprocessing = 0;
		};
/* End PBXFrameworksBuildPhase section */

/* Begin PBXGroup section */
		20F36367B2E1FB00A14A086A /* Pods */ = {
			isa = PBXGroup;
			children = (
				973D63001DD7126D1F897000 /* Pods-YYText.debug.xcconfig */,
				30A6791D1503951D0FDA45CA /* Pods-YYText.release.xcconfig */,
			);
			name = Pods;
			sourceTree = "<group>";
		};
		633DC9891F723D110029CC98 /* New Group1 */ = {
			isa = PBXGroup;
			children = (
				633DC98A1F723D3F0029CC98 /* ViewController3.h */,
				633DC98B1F723D3F0029CC98 /* ViewController3.m */,
				633DC98D1F723D490029CC98 /* ViewController4.h */,
				633DC98E1F723D490029CC98 /* ViewController4.m */,
				633DC9901F723DC00029CC98 /* TransitionModel.h */,
				633DC9911F723DC00029CC98 /* TransitionModel.m */,
			);
			name = "New Group1";
			sourceTree = "<group>";
		};
		6348CCA71F3C498D007F04E2 /* 图文混排 */ = {
			isa = PBXGroup;
			children = (
				636E57421F3AA8000018825A /* ViewController.h */,
				636E57431F3AA8010018825A /* ViewController.m */,
				636E576F1F3AB0AF0018825A /* YYTextManager.h */,
				636E57701F3AB0AF0018825A /* YYTextManager.m */,
			);
			name = "图文混排";
			sourceTree = "<group>";
		};
		6348CCA81F3C499C007F04E2 /* 高仿微博动画 */ = {
			isa = PBXGroup;
			children = (
				6348CCA91F3C49C8007F04E2 /* ViewController1.h */,
				6348CCAA1F3C49C8007F04E2 /* ViewController1.m */,
				6348CCA41F3C3FD4007F04E2 /* AnimationView.h */,
				6348CCA51F3C3FD4007F04E2 /* AnimationView.m */,
			);
			name = "高仿微博动画";
			sourceTree = "<group>";
		};
		6348CCAF1F3C4D09007F04E2 /* Layer动画 */ = {
			isa = PBXGroup;
			children = (
				6348CCB01F3C4D30007F04E2 /* LayerViewController.h */,
				6348CCB11F3C4D30007F04E2 /* LayerViewController.m */,
			);
			name = "Layer动画";
			sourceTree = "<group>";
		};
		636701D11F7CCCDE0047E798 /* 视频裁剪 */ = {
			isa = PBXGroup;
			children = (
				636701D21F7CCDA70047E798 /* MovieParseViewController.h */,
				636701D31F7CCDA70047E798 /* MovieParseViewController.m */,
				63830FB71F7E29500025D959 /* MovieFileOutPut.h */,
				63830FB81F7E29500025D959 /* MovieFileOutPut.m */,
				636701D91F7CD7C80047E798 /* FMLPlayLayerView.h */,
				636701DA1F7CD7C90047E798 /* FMLPlayLayerView.m */,
				63F452991F7CECE1000ABA34 /* UIImage+FMLClipRect.h */,
				63F452981F7CECE1000ABA34 /* UIImage+FMLClipRect.m */,
				63F4528E1F7CE857000ABA34 /* FMLClipView.h */,
				63F4528F1F7CE857000ABA34 /* FMLClipView.m */,
				63F452951F7CEC40000ABA34 /* AVAsset+FMLVideo.h */,
				63F452961F7CEC40000ABA34 /* AVAsset+FMLVideo.m */,
				63F452921F7CE9D0000ABA34 /* FMLScaledImageViewCell.h */,
				63F452911F7CE9D0000ABA34 /* FMLScaledImageViewCell.m */,
				63F4529D1F7CF8B3000ABA34 /* FMLScaledImageViewCell.xib */,
			);
			name = "视频裁剪";
			sourceTree = "<group>";
		};
		636E57301F3AA8000018825A = {
			isa = PBXGroup;
			children = (
				636E573B1F3AA8000018825A /* YYText */,
				636E57551F3AA8010018825A /* YYTextTests */,
				636E57601F3AA8010018825A /* YYTextUITests */,
				636E573A1F3AA8000018825A /* Products */,
				20F36367B2E1FB00A14A086A /* Pods */,
				9193C93045BE3A1F35452835 /* Frameworks */,
			);
			sourceTree = "<group>";
		};
		636E573A1F3AA8000018825A /* Products */ = {
			isa = PBXGroup;
			children = (
				636E57391F3AA8000018825A /* YYText.app */,
				636E57521F3AA8010018825A /* YYTextTests.xctest */,
				636E575D1F3AA8010018825A /* YYTextUITests.xctest */,
			);
			name = Products;
			sourceTree = "<group>";
		};
		636E573B1F3AA8000018825A /* YYText */ = {
			isa = PBXGroup;
			children = (
				636701DD1F7CDC380047E798 /* Test.mp4 */,
				6399E6ED1F63972600DF8EF9 /* 语音.png */,
				6348CCA01F3C3885007F04E2 /* tabbar_compose_friend@2x.png */,
				6348CC9E1F3C36DD007F04E2 /* images.bundle */,
				636E57801F3AF6240018825A /* EmoticonQQ.bundle */,
				636E573F1F3AA8000018825A /* AppDelegate.h */,
				636E57401F3AA8000018825A /* AppDelegate.m */,
				6348CCAC1F3C4A13007F04E2 /* MainViewController.h */,
				6348CCAD1F3C4A13007F04E2 /* MainViewController.m */,
				639A95DB1F90C81B0000D17B /* MainNavViewController.h */,
				639A95DC1F90C81B0000D17B /* MainNavViewController.m */,
				63940C541F611DE9008FA225 /* 新闻详情页 */,
				6348CCA71F3C498D007F04E2 /* 图文混排 */,
				6348CCA81F3C499C007F04E2 /* 高仿微博动画 */,
				6348CCAF1F3C4D09007F04E2 /* Layer动画 */,
				63783D541F5E7674004DE51E /* 弹幕动画 */,
				6399E6EF1F63978B00DF8EF9 /* 微信朋友圈 */,
				6399E6E41F6376D900DF8EF9 /* 高仿微信搜索功能 */,
				63BAED3C1F6CFA1700C3BBB5 /* FMDB */,
				633DC9891F723D110029CC98 /* New Group1 */,
				63C84A441F9B3927006F3603 /* 无限轮播图 */,
				636701D11F7CCCDE0047E798 /* 视频裁剪 */,
				63ADF1041F91E7E200F0A7E0 /* 文件下载 */,
				636E57451F3AA8010018825A /* Main.storyboard */,
				63C0F08E1F5FF16E00BA078B /* 1.png */,
				636E57481F3AA8010018825A /* Assets.xcassets */,
				636E574A1F3AA8010018825A /* LaunchScreen.storyboard */,
				636E574D1F3AA8010018825A /* Info.plist */,
				636E573C1F3AA8000018825A /* Supporting Files */,
			);
			path = YYText;
			sourceTree = "<group>";
		};
		636E573C1F3AA8000018825A /* Supporting Files */ = {
			isa = PBXGroup;
			children = (
				636E573D1F3AA8000018825A /* main.m */,
			);
			name = "Supporting Files";
			sourceTree = "<group>";
		};
		636E57551F3AA8010018825A /* YYTextTests */ = {
			isa = PBXGroup;
			children = (
				636E57561F3AA8010018825A /* YYTextTests.m */,
				636E57581F3AA8010018825A /* Info.plist */,
			);
			path = YYTextTests;
			sourceTree = "<group>";
		};
		636E57601F3AA8010018825A /* YYTextUITests */ = {
			isa = PBXGroup;
			children = (
				636E57611F3AA8010018825A /* YYTextUITests.m */,
				636E57631F3AA8010018825A /* Info.plist */,
			);
			path = YYTextUITests;
			sourceTree = "<group>";
		};
		63783D541F5E7674004DE51E /* 弹幕动画 */ = {
			isa = PBXGroup;
			children = (
				63783D551F5E76AF004DE51E /* BullViewController.h */,
				63783D561F5E76AF004DE51E /* BullViewController.m */,
				63783D581F5E7797004DE51E /* BulletView.h */,
				63783D591F5E7797004DE51E /* BulletView.m */,
				63783D5B1F5E7BBE004DE51E /* BulletManager.h */,
				63783D5C1F5E7BBF004DE51E /* BulletManager.m */,
				63C0F0901F6006CF00BA078B /* NSString+Category.h */,
				63C0F0911F6006CF00BA078B /* NSString+Category.m */,
			);
			name = "弹幕动画";
			sourceTree = "<group>";
		};
		63940C541F611DE9008FA225 /* 新闻详情页 */ = {
			isa = PBXGroup;
			children = (
				63940C5C1F61469D008FA225 /* newDetail.css */,
				63940C5D1F61469D008FA225 /* newDetail.js */,
				63940C551F611E1E008FA225 /* NewsDetailViewController.h */,
				63940C561F611E1E008FA225 /* NewsDetailViewController.m */,
			);
			name = "新闻详情页";
			sourceTree = "<group>";
		};
		6399E6E41F6376D900DF8EF9 /* 高仿微信搜索功能 */ = {
			isa = PBXGroup;
			children = (
				6399E6E51F63770B00DF8EF9 /* WeChatSearchViewController.h */,
				6399E6E61F63770B00DF8EF9 /* WeChatSearchViewController.m */,
				6399E6E81F637A3000DF8EF9 /* SearchResultViewController.h */,
				6399E6E91F637A3100DF8EF9 /* SearchResultViewController.m */,
			);
			name = "高仿微信搜索功能";
			sourceTree = "<group>";
		};
		6399E6EF1F63978B00DF8EF9 /* 微信朋友圈 */ = {
			isa = PBXGroup;
			children = (
				639249C91F690C440026019A /* WechatIMG80.jpeg */,
				639249C71F690A1D0026019A /* WechatIMG77.jpeg */,
				6399E6F01F6397AB00DF8EF9 /* WeChatFrindCircle.h */,
				6399E6F11F6397AB00DF8EF9 /* WeChatFrindCircle.m */,
				639249C11F6905DB0026019A /* WeChatHeader.h */,
				639249C21F6905DB0026019A /* WeChatHeader.m */,
				639249C41F6906AC0026019A /* WeChatCell.h */,
				639249C51F6906AC0026019A /* WeChatCell.m */,
				639249CB1F6912FD0026019A /* MoreImageView.h */,
				639249CC1F6912FE0026019A /* MoreImageView.m */,
			);
			name = "微信朋友圈";
			sourceTree = "<group>";
		};
		63ADF1041F91E7E200F0A7E0 /* 文件下载 */ = {
			isa = PBXGroup;
			children = (
				63ADF1051F91E83B00F0A7E0 /* DownLoadViewController.h */,
				63ADF1061F91E83B00F0A7E0 /* DownLoadViewController.m */,
				63ADF1081F91EDA400F0A7E0 /* DownLoadManager.h */,
				63ADF1091F91EDA500F0A7E0 /* DownLoadManager.m */,
			);
			name = "文件下载";
			sourceTree = "<group>";
		};
		63BAED3C1F6CFA1700C3BBB5 /* FMDB */ = {
			isa = PBXGroup;
			children = (
				63BAED3D1F6CFA4100C3BBB5 /* FMDBViewController.h */,
				63BAED3E1F6CFA4100C3BBB5 /* FMDBViewController.m */,
				63BAED401F6CFA8E00C3BBB5 /* FMDBManager.h */,
				63BAED411F6CFA8E00C3BBB5 /* FMDBManager.m */,
			);
			name = FMDB;
			sourceTree = "<group>";
		};
		63C84A441F9B3927006F3603 /* 无限轮播图 */ = {
			isa = PBXGroup;
			children = (
				632397B61F9B46D400A8E31D /* 1.jpg */,
				632397B71F9B46D400A8E31D /* 2.jpg */,
				632397B51F9B46D400A8E31D /* 3.jpg */,
				632397B91F9B46D500A8E31D /* 4.jpg */,
				632397B81F9B46D500A8E31D /* 5.jpg */,
				63C84A451F9B3956006F3603 /* BannerScrollViewController.h */,
				63C84A461F9B3956006F3603 /* BannerScrollViewController.m */,
				63C84A481F9B39E4006F3603 /* BSYScrollView.h */,
				63C84A491F9B39E4006F3603 /* BSYScrollView.m */,
			);
			name = "无限轮播图";
			sourceTree = "<group>";
		};
		9193C93045BE3A1F35452835 /* Frameworks */ = {
			isa = PBXGroup;
			children = (
				DDE546FD10C97213F96ADFBA /* libPods-YYText.a */,
			);
			name = Frameworks;
			sourceTree = "<group>";
		};
/* End PBXGroup section */

/* Begin PBXNativeTarget section */
		636E57381F3AA8000018825A /* YYText */ = {
			isa = PBXNativeTarget;
			buildConfigurationList = 636E57661F3AA8010018825A /* Build configuration list for PBXNativeTarget "YYText" */;
			buildPhases = (
				1A3544B06574975A68A013A1 /* [CP] Check Pods Manifest.lock */,
				636E57351F3AA8000018825A /* Sources */,
				636E57361F3AA8000018825A /* Frameworks */,
				636E57371F3AA8000018825A /* Resources */,
				99824EA8947FC9DDC5210493 /* [CP] Embed Pods Frameworks */,
				89150D9FAFEA79F457EB3F6C /* [CP] Copy Pods Resources */,
			);
			buildRules = (
			);
			dependencies = (
			);
			name = YYText;
			productName = YYText;
			productReference = 636E57391F3AA8000018825A /* YYText.app */;
			productType = "com.apple.product-type.application";
		};
		636E57511F3AA8010018825A /* YYTextTests */ = {
			isa = PBXNativeTarget;
			buildConfigurationList = 636E57691F3AA8010018825A /* Build configuration list for PBXNativeTarget "YYTextTests" */;
			buildPhases = (
				636E574E1F3AA8010018825A /* Sources */,
				636E574F1F3AA8010018825A /* Frameworks */,
				636E57501F3AA8010018825A /* Resources */,
			);
			buildRules = (
			);
			dependencies = (
				636E57541F3AA8010018825A /* PBXTargetDependency */,
			);
			name = YYTextTests;
			productName = YYTextTests;
			productReference = 636E57521F3AA8010018825A /* YYTextTests.xctest */;
			productType = "com.apple.product-type.bundle.unit-test";
		};
		636E575C1F3AA8010018825A /* YYTextUITests */ = {
			isa = PBXNativeTarget;
			buildConfigurationList = 636E576C1F3AA8010018825A /* Build configuration list for PBXNativeTarget "YYTextUITests" */;
			buildPhases = (
				636E57591F3AA8010018825A /* Sources */,
				636E575A1F3AA8010018825A /* Frameworks */,
				636E575B1F3AA8010018825A /* Resources */,
			);
			buildRules = (
			);
			dependencies = (
				636E575F1F3AA8010018825A /* PBXTargetDependency */,
			);
			name = YYTextUITests;
			productName = YYTextUITests;
			productReference = 636E575D1F3AA8010018825A /* YYTextUITests.xctest */;
			productType = "com.apple.product-type.bundle.ui-testing";
		};
/* End PBXNativeTarget section */

/* Begin PBXProject section */
		636E57311F3AA8000018825A /* Project object */ = {
			isa = PBXProject;
			attributes = {
				LastUpgradeCheck = 0830;
				ORGANIZATIONNAME = com.wh1.guozhentang;
				TargetAttributes = {
					636E57381F3AA8000018825A = {
						CreatedOnToolsVersion = 8.3.3;
						DevelopmentTeam = JCN9UV5TZ7;
						ProvisioningStyle = Automatic;
					};
					636E57511F3AA8010018825A = {
						CreatedOnToolsVersion = 8.3.3;
						ProvisioningStyle = Automatic;
						TestTargetID = 636E57381F3AA8000018825A;
					};
					636E575C1F3AA8010018825A = {
						CreatedOnToolsVersion = 8.3.3;
						ProvisioningStyle = Automatic;
						TestTargetID = 636E57381F3AA8000018825A;
					};
				};
			};
			buildConfigurationList = 636E57341F3AA8000018825A /* Build configuration list for PBXProject "YYText" */;
			compatibilityVersion = "Xcode 3.2";
			developmentRegion = English;
			hasScannedForEncodings = 0;
			knownRegions = (
				en,
				Base,
			);
			mainGroup = 636E57301F3AA8000018825A;
			productRefGroup = 636E573A1F3AA8000018825A /* Products */;
			projectDirPath = "";
			projectRoot = "";
			targets = (
				636E57381F3AA8000018825A /* YYText */,
				636E57511F3AA8010018825A /* YYTextTests */,
				636E575C1F3AA8010018825A /* YYTextUITests */,
			);
		};
/* End PBXProject section */

/* Begin PBXResourcesBuildPhase section */
		636E57371F3AA8000018825A /* Resources */ = {
			isa = PBXResourcesBuildPhase;
			buildActionMask = 2147483647;
			files = (
				632397BA1F9B46F200A8E31D /* 1.jpg in Resources */,
				632397BB1F9B46F200A8E31D /* 2.jpg in Resources */,
				632397BC1F9B46F200A8E31D /* 3.jpg in Resources */,
				632397BD1F9B46F200A8E31D /* 4.jpg in Resources */,
				632397BE1F9B46F200A8E31D /* 5.jpg in Resources */,
				636701DE1F7CE1FF0047E798 /* Test.mp4 in Resources */,
				6348CC9F1F3C36DD007F04E2 /* images.bundle in Resources */,
				63940C5E1F61469D008FA225 /* newDetail.css in Resources */,
				636E574C1F3AA8010018825A /* LaunchScreen.storyboard in Resources */,
				63C0F08F1F5FF16E00BA078B /* 1.png in Resources */,
				636E57811F3AF6240018825A /* EmoticonQQ.bundle in Resources */,
				6399E6EE1F63972600DF8EF9 /* 语音.png in Resources */,
				636E57491F3AA8010018825A /* Assets.xcassets in Resources */,
				63940C5F1F61469D008FA225 /* newDetail.js in Resources */,
				636E57471F3AA8010018825A /* Main.storyboard in Resources */,
				639249CA1F690C440026019A /* WechatIMG80.jpeg in Resources */,
				6348CCA11F3C3885007F04E2 /* tabbar_compose_friend@2x.png in Resources */,
				639249C81F690A1D0026019A /* WechatIMG77.jpeg in Resources */,
				63F4529E1F7CF8B3000ABA34 /* FMLScaledImageViewCell.xib in Resources */,
			);
			runOnlyForDeploymentPostprocessing = 0;
		};
		636E57501F3AA8010018825A /* Resources */ = {
			isa = PBXResourcesBuildPhase;
			buildActionMask = 2147483647;
			files = (
			);
			runOnlyForDeploymentPostprocessing = 0;
		};
		636E575B1F3AA8010018825A /* Resources */ = {
			isa = PBXResourcesBuildPhase;
			buildActionMask = 2147483647;
			files = (
			);
			runOnlyForDeploymentPostprocessing = 0;
		};
/* End PBXResourcesBuildPhase section */

/* Begin PBXShellScriptBuildPhase section */
		1A3544B06574975A68A013A1 /* [CP] Check Pods Manifest.lock */ = {
			isa = PBXShellScriptBuildPhase;
			buildActionMask = 2147483647;
			files = (
			);
			inputPaths = (
			);
			name = "[CP] Check Pods Manifest.lock";
			outputPaths = (
			);
			runOnlyForDeploymentPostprocessing = 0;
			shellPath = /bin/sh;
			shellScript = "diff \"${PODS_PODFILE_DIR_PATH}/Podfile.lock\" \"${PODS_ROOT}/Manifest.lock\" > /dev/null\nif [ $? != 0 ] ; then\n    # print error to STDERR\n    echo \"error: The sandbox is not in sync with the Podfile.lock. Run 'pod install' or update your CocoaPods installation.\" >&2\n    exit 1\nfi\n";
			showEnvVarsInLog = 0;
		};
		89150D9FAFEA79F457EB3F6C /* [CP] Copy Pods Resources */ = {
			isa = PBXShellScriptBuildPhase;
			buildActionMask = 2147483647;
			files = (
			);
			inputPaths = (
			);
			name = "[CP] Copy Pods Resources";
			outputPaths = (
			);
			runOnlyForDeploymentPostprocessing = 0;
			shellPath = /bin/sh;
			shellScript = "\"${SRCROOT}/Pods/Target Support Files/Pods-YYText/Pods-YYText-resources.sh\"\n";
			showEnvVarsInLog = 0;
		};
		99824EA8947FC9DDC5210493 /* [CP] Embed Pods Frameworks */ = {
			isa = PBXShellScriptBuildPhase;
			buildActionMask = 2147483647;
			files = (
			);
			inputPaths = (
			);
			name = "[CP] Embed Pods Frameworks";
			outputPaths = (
			);
			runOnlyForDeploymentPostprocessing = 0;
			shellPath = /bin/sh;
			shellScript = "\"${SRCROOT}/Pods/Target Support Files/Pods-YYText/Pods-YYText-frameworks.sh\"\n";
			showEnvVarsInLog = 0;
		};
/* End PBXShellScriptBuildPhase section */

/* Begin PBXSourcesBuildPhase section */
		636E57351F3AA8000018825A /* Sources */ = {
			isa = PBXSourcesBuildPhase;
			buildActionMask = 2147483647;
			files = (
				636E57711F3AB0AF0018825A /* YYTextManager.m in Sources */,
				63783D571F5E76AF004DE51E /* BullViewController.m in Sources */,
				63C84A471F9B3956006F3603 /* BannerScrollViewController.m in Sources */,
				63BAED421F6CFA8E00C3BBB5 /* FMDBManager.m in Sources */,
				6399E6EA1F637A3100DF8EF9 /* SearchResultViewController.m in Sources */,
				636E57441F3AA8010018825A /* ViewController.m in Sources */,
				639249CD1F6912FE0026019A /* MoreImageView.m in Sources */,
				63783D5D1F5E7BBF004DE51E /* BulletManager.m in Sources */,
				6399E6E71F63770B00DF8EF9 /* WeChatSearchViewController.m in Sources */,
				636701D41F7CCDA70047E798 /* MovieParseViewController.m in Sources */,
				63C84A4A1F9B39E4006F3603 /* BSYScrollView.m in Sources */,
				63F4529A1F7CECE2000ABA34 /* UIImage+FMLClipRect.m in Sources */,
				633DC98F1F723D490029CC98 /* ViewController4.m in Sources */,
				63BAED3F1F6CFA4100C3BBB5 /* FMDBViewController.m in Sources */,
				6348CCAB1F3C49C8007F04E2 /* ViewController1.m in Sources */,
				63F452941F7CE9D1000ABA34 /* FMLScaledImageViewCell.m in Sources */,
				633DC98C1F723D3F0029CC98 /* ViewController3.m in Sources */,
				639249C61F6906AC0026019A /* WeChatCell.m in Sources */,
				63F452901F7CE857000ABA34 /* FMLClipView.m in Sources */,
				636E57411F3AA8000018825A /* AppDelegate.m in Sources */,
				6348CCB21F3C4D30007F04E2 /* LayerViewController.m in Sources */,
				636701DB1F7CD7CA0047E798 /* FMLPlayLayerView.m in Sources */,
				63F452971F7CEC41000ABA34 /* AVAsset+FMLVideo.m in Sources */,
				63C0F0921F6006CF00BA078B /* NSString+Category.m in Sources */,
				633DC9921F723DC00029CC98 /* TransitionModel.m in Sources */,
				6348CCAE1F3C4A13007F04E2 /* MainViewController.m in Sources */,
				636E573E1F3AA8000018825A /* main.m in Sources */,
				63783D5A1F5E7797004DE51E /* BulletView.m in Sources */,
				639249C31F6905DB0026019A /* WeChatHeader.m in Sources */,
				639A95DD1F90C81B0000D17B /* MainNavViewController.m in Sources */,
				6348CCA61F3C3FD4007F04E2 /* AnimationView.m in Sources */,
				63830FB91F7E29500025D959 /* MovieFileOutPut.m in Sources */,
				63940C571F611E1E008FA225 /* NewsDetailViewController.m in Sources */,
				63ADF1071F91E83B00F0A7E0 /* DownLoadViewController.m in Sources */,
				6399E6F21F6397AB00DF8EF9 /* WeChatFrindCircle.m in Sources */,
				63ADF10A1F91EDA500F0A7E0 /* DownLoadManager.m in Sources */,
			);
			runOnlyForDeploymentPostprocessing = 0;
		};
		636E574E1F3AA8010018825A /* Sources */ = {
			isa = PBXSourcesBuildPhase;
			buildActionMask = 2147483647;
			files = (
				636E57571F3AA8010018825A /* YYTextTests.m in Sources */,
			);
			runOnlyForDeploymentPostprocessing = 0;
		};
		636E57591F3AA8010018825A /* Sources */ = {
			isa = PBXSourcesBuildPhase;
			buildActionMask = 2147483647;
			files = (
				636E57621F3AA8010018825A /* YYTextUITests.m in Sources */,
			);
			runOnlyForDeploymentPostprocessing = 0;
		};
/* End PBXSourcesBuildPhase section */

/* Begin PBXTargetDependency section */
		636E57541F3AA8010018825A /* PBXTargetDependency */ = {
			isa = PBXTargetDependency;
			target = 636E57381F3AA8000018825A /* YYText */;
			targetProxy = 636E57531F3AA8010018825A /* PBXContainerItemProxy */;
		};
		636E575F1F3AA8010018825A /* PBXTargetDependency */ = {
			isa = PBXTargetDependency;
			target = 636E57381F3AA8000018825A /* YYText */;
			targetProxy = 636E575E1F3AA8010018825A /* PBXContainerItemProxy */;
		};
/* End PBXTargetDependency section */

/* Begin PBXVariantGroup section */
		636E57451F3AA8010018825A /* Main.storyboard */ = {
			isa = PBXVariantGroup;
			children = (
				636E57461F3AA8010018825A /* Base */,
			);
			name = Main.storyboard;
			sourceTree = "<group>";
		};
		636E574A1F3AA8010018825A /* LaunchScreen.storyboard */ = {
			isa = PBXVariantGroup;
			children = (
				636E574B1F3AA8010018825A /* Base */,
			);
			name = LaunchScreen.storyboard;
			sourceTree = "<group>";
		};
/* End PBXVariantGroup section */

/* Begin XCBuildConfiguration section */
		636E57641F3AA8010018825A /* Debug */ = {
			isa = XCBuildConfiguration;
			buildSettings = {
				ALWAYS_SEARCH_USER_PATHS = NO;
				CLANG_ANALYZER_NONNULL = YES;
				CLANG_ANALYZER_NUMBER_OBJECT_CONVERSION = YES_AGGRESSIVE;
				CLANG_CXX_LANGUAGE_STANDARD = "gnu++0x";
				CLANG_CXX_LIBRARY = "libc++";
				CLANG_ENABLE_MODULES = YES;
				CLANG_ENABLE_OBJC_ARC = YES;
				CLANG_WARN_BOOL_CONVERSION = YES;
				CLANG_WARN_CONSTANT_CONVERSION = YES;
				CLANG_WARN_DIRECT_OBJC_ISA_USAGE = YES_ERROR;
				CLANG_WARN_DOCUMENTATION_COMMENTS = YES;
				CLANG_WARN_EMPTY_BODY = YES;
				CLANG_WARN_ENUM_CONVERSION = YES;
				CLANG_WARN_INFINITE_RECURSION = YES;
				CLANG_WARN_INT_CONVERSION = YES;
				CLANG_WARN_OBJC_ROOT_CLASS = YES_ERROR;
				CLANG_WARN_SUSPICIOUS_MOVE = YES;
				CLANG_WARN_UNREACHABLE_CODE = YES;
				CLANG_WARN__DUPLICATE_METHOD_MATCH = YES;
				"CODE_SIGN_IDENTITY[sdk=iphoneos*]" = "iPhone Developer";
				COPY_PHASE_STRIP = NO;
				DEBUG_INFORMATION_FORMAT = dwarf;
				ENABLE_STRICT_OBJC_MSGSEND = YES;
				ENABLE_TESTABILITY = YES;
				GCC_C_LANGUAGE_STANDARD = gnu99;
				GCC_DYNAMIC_NO_PIC = NO;
				GCC_NO_COMMON_BLOCKS = YES;
				GCC_OPTIMIZATION_LEVEL = 0;
				GCC_PREPROCESSOR_DEFINITIONS = (
					"DEBUG=1",
					"$(inherited)",
				);
				GCC_WARN_64_TO_32_BIT_CONVERSION = YES;
				GCC_WARN_ABOUT_RETURN_TYPE = YES_ERROR;
				GCC_WARN_UNDECLARED_SELECTOR = YES;
				GCC_WARN_UNINITIALIZED_AUTOS = YES_AGGRESSIVE;
				GCC_WARN_UNUSED_FUNCTION = YES;
				GCC_WARN_UNUSED_VARIABLE = YES;
				IPHONEOS_DEPLOYMENT_TARGET = 10.3;
				MTL_ENABLE_DEBUG_INFO = YES;
				ONLY_ACTIVE_ARCH = YES;
				SDKROOT = iphoneos;
			};
			name = Debug;
		};
		636E57651F3AA8010018825A /* Release */ = {
			isa = XCBuildConfiguration;
			buildSettings = {
				ALWAYS_SEARCH_USER_PATHS = NO;
				CLANG_ANALYZER_NONNULL = YES;
				CLANG_ANALYZER_NUMBER_OBJECT_CONVERSION = YES_AGGRESSIVE;
				CLANG_CXX_LANGUAGE_STANDARD = "gnu++0x";
				CLANG_CXX_LIBRARY = "libc++";
				CLANG_ENABLE_MODULES = YES;
				CLANG_ENABLE_OBJC_ARC = YES;
				CLANG_WARN_BOOL_CONVERSION = YES;
				CLANG_WARN_CONSTANT_CONVERSION = YES;
				CLANG_WARN_DIRECT_OBJC_ISA_USAGE = YES_ERROR;
				CLANG_WARN_DOCUMENTATION_COMMENTS = YES;
				CLANG_WARN_EMPTY_BODY = YES;
				CLANG_WARN_ENUM_CONVERSION = YES;
				CLANG_WARN_INFINITE_RECURSION = YES;
				CLANG_WARN_INT_CONVERSION = YES;
				CLANG_WARN_OBJC_ROOT_CLASS = YES_ERROR;
				CLANG_WARN_SUSPICIOUS_MOVE = YES;
				CLANG_WARN_UNREACHABLE_CODE = YES;
				CLANG_WARN__DUPLICATE_METHOD_MATCH = YES;
				"CODE_SIGN_IDENTITY[sdk=iphoneos*]" = "iPhone Developer";
				COPY_PHASE_STRIP = NO;
				DEBUG_INFORMATION_FORMAT = "dwarf-with-dsym";
				ENABLE_NS_ASSERTIONS = NO;
				ENABLE_STRICT_OBJC_MSGSEND = YES;
				GCC_C_LANGUAGE_STANDARD = gnu99;
				GCC_NO_COMMON_BLOCKS = YES;
				GCC_WARN_64_TO_32_BIT_CONVERSION = YES;
				GCC_WARN_ABOUT_RETURN_TYPE = YES_ERROR;
				GCC_WARN_UNDECLARED_SELECTOR = YES;
				GCC_WARN_UNINITIALIZED_AUTOS = YES_AGGRESSIVE;
				GCC_WARN_UNUSED_FUNCTION = YES;
				GCC_WARN_UNUSED_VARIABLE = YES;
				IPHONEOS_DEPLOYMENT_TARGET = 10.3;
				MTL_ENABLE_DEBUG_INFO = NO;
				SDKROOT = iphoneos;
				VALIDATE_PRODUCT = YES;
			};
			name = Release;
		};
		636E57671F3AA8010018825A /* Debug */ = {
			isa = XCBuildConfiguration;
			baseConfigurationReference = 973D63001DD7126D1F897000 /* Pods-YYText.debug.xcconfig */;
			buildSettings = {
				ASSETCATALOG_COMPILER_APPICON_NAME = AppIcon;
				DEVELOPMENT_TEAM = JCN9UV5TZ7;
				INFOPLIST_FILE = YYText/Info.plist;
				LD_RUNPATH_SEARCH_PATHS = "$(inherited) @executable_path/Frameworks";
				PRODUCT_BUNDLE_IDENTIFIER = cn.jft365.yunfengchao.YYText;
				PRODUCT_NAME = "$(TARGET_NAME)";
			};
			name = Debug;
		};
		636E57681F3AA8010018825A /* Release */ = {
			isa = XCBuildConfiguration;
			baseConfigurationReference = 30A6791D1503951D0FDA45CA /* Pods-YYText.release.xcconfig */;
			buildSettings = {
				ASSETCATALOG_COMPILER_APPICON_NAME = AppIcon;
				DEVELOPMENT_TEAM = JCN9UV5TZ7;
				INFOPLIST_FILE = YYText/Info.plist;
				LD_RUNPATH_SEARCH_PATHS = "$(inherited) @executable_path/Frameworks";
				PRODUCT_BUNDLE_IDENTIFIER = cn.jft365.yunfengchao.YYText;
				PRODUCT_NAME = "$(TARGET_NAME)";
			};
			name = Release;
		};
		636E576A1F3AA8010018825A /* Debug */ = {
			isa = XCBuildConfiguration;
			buildSettings = {
				BUNDLE_LOADER = "$(TEST_HOST)";
				INFOPLIST_FILE = YYTextTests/Info.plist;
				LD_RUNPATH_SEARCH_PATHS = "$(inherited) @executable_path/Frameworks @loader_path/Frameworks";
				PRODUCT_BUNDLE_IDENTIFIER = cn.jft365.yunfengchao.YYTextTests;
				PRODUCT_NAME = "$(TARGET_NAME)";
				TEST_HOST = "$(BUILT_PRODUCTS_DIR)/YYText.app/YYText";
			};
			name = Debug;
		};
		636E576B1F3AA8010018825A /* Release */ = {
			isa = XCBuildConfiguration;
			buildSettings = {
				BUNDLE_LOADER = "$(TEST_HOST)";
				INFOPLIST_FILE = YYTextTests/Info.plist;
				LD_RUNPATH_SEARCH_PATHS = "$(inherited) @executable_path/Frameworks @loader_path/Frameworks";
				PRODUCT_BUNDLE_IDENTIFIER = cn.jft365.yunfengchao.YYTextTests;
				PRODUCT_NAME = "$(TARGET_NAME)";
				TEST_HOST = "$(BUILT_PRODUCTS_DIR)/YYText.app/YYText";
			};
			name = Release;
		};
		636E576D1F3AA8010018825A /* Debug */ = {
			isa = XCBuildConfiguration;
			buildSettings = {
				INFOPLIST_FILE = YYTextUITests/Info.plist;
				LD_RUNPATH_SEARCH_PATHS = "$(inherited) @executable_path/Frameworks @loader_path/Frameworks";
				PRODUCT_BUNDLE_IDENTIFIER = cn.jft365.yunfengchao.YYTextUITests;
				PRODUCT_NAME = "$(TARGET_NAME)";
				TEST_TARGET_NAME = YYText;
			};
			name = Debug;
		};
		636E576E1F3AA8010018825A /* Release */ = {
			isa = XCBuildConfiguration;
			buildSettings = {
				INFOPLIST_FILE = YYTextUITests/Info.plist;
				LD_RUNPATH_SEARCH_PATHS = "$(inherited) @executable_path/Frameworks @loader_path/Frameworks";
				PRODUCT_BUNDLE_IDENTIFIER = cn.jft365.yunfengchao.YYTextUITests;
				PRODUCT_NAME = "$(TARGET_NAME)";
				TEST_TARGET_NAME = YYText;
			};
			name = Release;
		};
/* End XCBuildConfiguration section */

/* Begin XCConfigurationList section */
		636E57341F3AA8000018825A /* Build configuration list for PBXProject "YYText" */ = {
			isa = XCConfigurationList;
			buildConfigurations = (
				636E57641F3AA8010018825A /* Debug */,
				636E57651F3AA8010018825A /* Release */,
			);
			defaultConfigurationIsVisible = 0;
			defaultConfigurationName = Release;
		};
		636E57661F3AA8010018825A /* Build configuration list for PBXNativeTarget "YYText" */ = {
			isa = XCConfigurationList;
			buildConfigurations = (
				636E57671F3AA8010018825A /* Debug */,
				636E57681F3AA8010018825A /* Release */,
			);
			defaultConfigurationIsVisible = 0;
			defaultConfigurationName = Release;
		};
		636E57691F3AA8010018825A /* Build configuration list for PBXNativeTarget "YYTextTests" */ = {
			isa = XCConfigurationList;
			buildConfigurations = (
				636E576A1F3AA8010018825A /* Debug */,
				636E576B1F3AA8010018825A /* Release */,
			);
			defaultConfigurationIsVisible = 0;
			defaultConfigurationName = Release;
		};
		636E576C1F3AA8010018825A /* Build configuration list for PBXNativeTarget "YYTextUITests" */ = {
			isa = XCConfigurationList;
			buildConfigurations = (
				636E576D1F3AA8010018825A /* Debug */,
				636E576E1F3AA8010018825A /* Release */,
			);
			defaultConfigurationIsVisible = 0;
			defaultConfigurationName = Release;
		};
/* End XCConfigurationList section */
	};
	rootObject = 636E57311F3AA8000018825A /* Project object */;
}
