// !$*UTF8*$!
{
	archiveVersion = 1;
	classes = {
	};
	objectVersion = 46;
	objects = {

/* Begin PBXBuildFile section */
		08303F6D1EC320DAAE26D129 /* libPods-YYText.a in Frameworks */ = {isa = PBXBuildFile; fileRef = DDE546FD10C97213F96ADFBA /* libPods-YYText.a */; };
		6348CC9F1F3C36DD007F04E2 /* images.bundle in Resources */ = {isa = PBXBuildFile; fileRef = 6348CC9E1F3C36DD007F04E2 /* images.bundle */; };
		6348CCA11F3C3885007F04E2 /* tabbar_compose_friend@2x.png in Resources */ = {isa = PBXBuildFile; fileRef = 6348CCA01F3C3885007F04E2 /* tabbar_compose_friend@2x.png */; };
		6348CCA61F3C3FD4007F04E2 /* AnimationView.m in Sources */ = {isa = PBXBuildFile; fileRef = 6348CCA51F3C3FD4007F04E2 /* AnimationView.m */; };
		6348CCAB1F3C49C8007F04E2 /* ViewController1.m in Sources */ = {isa = PBXBuildFile; fileRef = 6348CCAA1F3C49C8007F04E2 /* ViewController1.m */; };
		6348CCAE1F3C4A13007F04E2 /* MainViewController.m in Sources */ = {isa = PBXBuildFile; fileRef = 6348CCAD1F3C4A13007F04E2 /* MainViewController.m */; };
		6348CCB21F3C4D30007F04E2 /* LayerViewController.m in Sources */ = {isa = PBXBuildFile; fileRef = 6348CCB11F3C4D30007F04E2 /* LayerViewController.m */; };
		636E573E1F3AA8000018825A /* main.m in Sources */ = {isa = PBXBuildFile; fileRef = 636E573D1F3AA8000018825A /* main.m */; };
		636E57411F3AA8000018825A /* AppDelegate.m in Sources */ = {isa = PBXBuildFile; fileRef = 636E57401F3AA8000018825A /* AppDelegate.m */; };
		636E57441F3AA8010018825A /* ViewController.m in Sources */ = {isa = PBXBuildFile; fileRef = 636E57431F3AA8010018825A /* ViewController.m */; };
		636E57471F3AA8010018825A /* Main.storyboard in Resources */ = {isa = PBXBuildFile; fileRef = 636E57451F3AA8010018825A /* Main.storyboard */; };
		636E57491F3AA8010018825A /* Assets.xcassets in Resources */ = {isa = PBXBuildFile; fileRef = 636E57481F3AA8010018825A /* Assets.xcassets */; };
		636E574C1F3AA8010018825A /* LaunchScreen.storyboard in Resources */ = {isa = PBXBuildFile; fileRef = 636E574A1F3AA8010018825A /* LaunchScreen.storyboard */; };
		636E57571F3AA8010018825A /* YYTextTests.m in Sources */ = {isa = PBXBuildFile; fileRef = 636E57561F3AA8010018825A /* YYTextTests.m */; };
		636E57621F3AA8010018825A /* YYTextUITests.m in Sources */ = {isa = PBXBuildFile; fileRef = 636E57611F3AA8010018825A /* YYTextUITests.m */; };
		636E57711F3AB0AF0018825A /* YYTextManager.m in Sources */ = {isa = PBXBuildFile; fileRef = 636E57701F3AB0AF0018825A /* YYTextManager.m */; };
		636E57811F3AF6240018825A /* EmoticonQQ.bundle in Resources */ = {isa = PBXBuildFile; fileRef = 636E57801F3AF6240018825A /* EmoticonQQ.bundle */; };
/* End PBXBuildFile section */

/* Begin PBXContainerItemProxy section */
		636E57531F3AA8010018825A /* PBXContainerItemProxy */ = {
			isa = PBXContainerItemProxy;
			containerPortal = 636E57311F3AA8000018825A /* Project object */;
			proxyType = 1;
			remoteGlobalIDString = 636E57381F3AA8000018825A;
			remoteInfo = YYText;
		};
		636E575E1F3AA8010018825A /* PBXContainerItemProxy */ = {
			isa = PBXContainerItemProxy;
			containerPortal = 636E57311F3AA8000018825A /* Project object */;
			proxyType = 1;
			remoteGlobalIDString = 636E57381F3AA8000018825A;
			remoteInfo = YYText;
		};
/* End PBXContainerItemProxy section */

/* Begin PBXFileReference section */
		30A6791D1503951D0FDA45CA /* Pods-YYText.release.xcconfig */ = {isa = PBXFileReference; includeInIndex = 1; lastKnownFileType = text.xcconfig; name = "Pods-YYText.release.xcconfig"; path = "Pods/Target Support Files/Pods-YYText/Pods-YYText.release.xcconfig"; sourceTree = "<group>"; };
		6348CC9E1F3C36DD007F04E2 /* images.bundle */ = {isa = PBXFileReference; lastKnownFileType = "wrapper.plug-in"; path = images.bundle; sourceTree = "<group>"; };
		6348CCA01F3C3885007F04E2 /* tabbar_compose_friend@2x.png */ = {isa = PBXFileReference; lastKnownFileType = image.png; name = "tabbar_compose_friend@2x.png"; path = "images.bundle/tabbar_compose_friend@2x.png"; sourceTree = "<group>"; };
		6348CCA41F3C3FD4007F04E2 /* AnimationView.h */ = {isa = PBXFileReference; fileEncoding = 4; lastKnownFileType = sourcecode.c.h; path = AnimationView.h; sourceTree = "<group>"; };
		6348CCA51F3C3FD4007F04E2 /* AnimationView.m */ = {isa = PBXFileReference; fileEncoding = 4; lastKnownFileType = sourcecode.c.objc; path = AnimationView.m; sourceTree = "<group>"; };
		6348CCA91F3C49C8007F04E2 /* ViewController1.h */ = {isa = PBXFileReference; fileEncoding = 4; lastKnownFileType = sourcecode.c.h; path = ViewController1.h; sourceTree = "<group>"; };
		6348CCAA1F3C49C8007F04E2 /* ViewController1.m */ = {isa = PBXFileReference; fileEncoding = 4; lastKnownFileType = sourcecode.c.objc; path = ViewController1.m; sourceTree = "<group>"; };
		6348CCAC1F3C4A13007F04E2 /* MainViewController.h */ = {isa = PBXFileReference; fileEncoding = 4; lastKnownFileType = sourcecode.c.h; path = MainViewController.h; sourceTree = "<group>"; };
		6348CCAD1F3C4A13007F04E2 /* MainViewController.m */ = {isa = PBXFileReference; fileEncoding = 4; lastKnownFileType = sourcecode.c.objc; path = MainViewController.m; sourceTree = "<group>"; };
		6348CCB01F3C4D30007F04E2 /* LayerViewController.h */ = {isa = PBXFileReference; fileEncoding = 4; lastKnownFileType = sourcecode.c.h; path = LayerViewController.h; sourceTree = "<group>"; };
		6348CCB11F3C4D30007F04E2 /* LayerViewController.m */ = {isa = PBXFileReference; fileEncoding = 4; lastKnownFileType = sourcecode.c.objc; path = LayerViewController.m; sourceTree = "<group>"; };
		636E57391F3AA8000018825A /* YYText.app */ = {isa = PBXFileReference; explicitFileType = wrapper.application; includeInIndex = 0; path = YYText.app; sourceTree = BUILT_PRODUCTS_DIR; };
		636E573D1F3AA8000018825A /* main.m */ = {isa = PBXFileReference; lastKnownFileType = sourcecode.c.objc; path = main.m; sourceTree = "<group>"; };
		636E573F1F3AA8000018825A /* AppDelegate.h */ = {isa = PBXFileReference; lastKnownFileType = sourcecode.c.h; path = AppDelegate.h; sourceTree = "<group>"; };
		636E57401F3AA8000018825A /* AppDelegate.m */ = {isa = PBXFileReference; lastKnownFileType = sourcecode.c.objc; path = AppDelegate.m; sourceTree = "<group>"; };
		636E57421F3AA8000018825A /* ViewController.h */ = {isa = PBXFileReference; lastKnownFileType = sourcecode.c.h; path = ViewController.h; sourceTree = "<group>"; };
		636E57431F3AA8010018825A /* ViewController.m */ = {isa = PBXFileReference; lastKnownFileType = sourcecode.c.objc; path = ViewController.m; sourceTree = "<group>"; };
		636E57461F3AA8010018825A /* Base */ = {isa = PBXFileReference; lastKnownFileType = file.storyboard; name = Base; path = Base.lproj/Main.storyboard; sourceTree = "<group>"; };
		636E57481F3AA8010018825A /* Assets.xcassets */ = {isa = PBXFileReference; lastKnownFileType = folder.assetcatalog; path = Assets.xcassets; sourceTree = "<group>"; };
		636E574B1F3AA8010018825A /* Base */ = {isa = PBXFileReference; lastKnownFileType = file.storyboard; name = Base; path = Base.lproj/LaunchScreen.storyboard; sourceTree = "<group>"; };
		636E574D1F3AA8010018825A /* Info.plist */ = {isa = PBXFileReference; lastKnownFileType = text.plist.xml; path = Info.plist; sourceTree = "<group>"; };
		636E57521F3AA8010018825A /* YYTextTests.xctest */ = {isa = PBXFileReference; explicitFileType = wrapper.cfbundle; includeInIndex = 0; path = YYTextTests.xctest; sourceTree = BUILT_PRODUCTS_DIR; };
		636E57561F3AA8010018825A /* YYTextTests.m */ = {isa = PBXFileReference; lastKnownFileType = sourcecode.c.objc; path = YYTextTests.m; sourceTree = "<group>"; };
		636E57581F3AA8010018825A /* Info.plist */ = {isa = PBXFileReference; lastKnownFileType = text.plist.xml; path = Info.plist; sourceTree = "<group>"; };
		636E575D1F3AA8010018825A /* YYTextUITests.xctest */ = {isa = PBXFileReference; explicitFileType = wrapper.cfbundle; includeInIndex = 0; path = YYTextUITests.xctest; sourceTree = BUILT_PRODUCTS_DIR; };
		636E57611F3AA8010018825A /* YYTextUITests.m */ = {isa = PBXFileReference; lastKnownFileType = sourcecode.c.objc; path = YYTextUITests.m; sourceTree = "<group>"; };
		636E57631F3AA8010018825A /* Info.plist */ = {isa = PBXFileReference; lastKnownFileType = text.plist.xml; path = Info.plist; sourceTree = "<group>"; };
		636E576F1F3AB0AF0018825A /* YYTextManager.h */ = {isa = PBXFileReference; fileEncoding = 4; lastKnownFileType = sourcecode.c.h; path = YYTextManager.h; sourceTree = "<group>"; };
		636E57701F3AB0AF0018825A /* YYTextManager.m */ = {isa = PBXFileReference; fileEncoding = 4; lastKnownFileType = sourcecode.c.objc; path = YYTextManager.m; sourceTree = "<group>"; };
		636E57801F3AF6240018825A /* EmoticonQQ.bundle */ = {isa = PBXFileReference; lastKnownFileType = "wrapper.plug-in"; path = EmoticonQQ.bundle; sourceTree = "<group>"; };
		973D63001DD7126D1F897000 /* Pods-YYText.debug.xcconfig */ = {isa = PBXFileReference; includeInIndex = 1; lastKnownFileType = text.xcconfig; name = "Pods-YYText.debug.xcconfig"; path = "Pods/Target Support Files/Pods-YYText/Pods-YYText.debug.xcconfig"; sourceTree = "<group>"; };
		DDE546FD10C97213F96ADFBA /* libPods-YYText.a */ = {isa = PBXFileReference; explicitFileType = archive.ar; includeInIndex = 0; path = "libPods-YYText.a"; sourceTree = BUILT_PRODUCTS_DIR; };
/* End PBXFileReference section */

/* Begin PBXFrameworksBuildPhase section */
		636E57361F3AA8000018825A /* Frameworks */ = {
			isa = PBXFrameworksBuildPhase;
			buildActionMask = 2147483647;
			files = (
				08303F6D1EC320DAAE26D129 /* libPods-YYText.a in Frameworks */,
			);
			runOnlyForDeploymentPostprocessing = 0;
		};
		636E574F1F3AA8010018825A /* Frameworks */ = {
			isa = PBXFrameworksBuildPhase;
			buildActionMask = 2147483647;
			files = (
			);
			runOnlyForDeploymentPostprocessing = 0;
		};
		636E575A1F3AA8010018825A /* Frameworks */ = {
			isa = PBXFrameworksBuildPhase;
			buildActionMask = 2147483647;
			files = (
			);
			runOnlyForDeploymentPostprocessing = 0;
		};
/* End PBXFrameworksBuildPhase section */

/* Begin PBXGroup section */
		20F36367B2E1FB00A14A086A /* Pods */ = {
			isa = PBXGroup;
			children = (
				973D63001DD7126D1F897000 /* Pods-YYText.debug.xcconfig */,
				30A6791D1503951D0FDA45CA /* Pods-YYText.release.xcconfig */,
			);
			name = Pods;
			sourceTree = "<group>";
		};
		6348CCA71F3C498D007F04E2 /* 图文混排 */ = {
			isa = PBXGroup;
			children = (
				636E57421F3AA8000018825A /* ViewController.h */,
				636E57431F3AA8010018825A /* ViewController.m */,
				636E576F1F3AB0AF0018825A /* YYTextManager.h */,
				636E57701F3AB0AF0018825A /* YYTextManager.m */,
			);
			name = "图文混排";
			sourceTree = "<group>";
		};
		6348CCA81F3C499C007F04E2 /* 高仿微博动画 */ = {
			isa = PBXGroup;
			children = (
				6348CCA91F3C49C8007F04E2 /* ViewController1.h */,
				6348CCAA1F3C49C8007F04E2 /* ViewController1.m */,
				6348CCA41F3C3FD4007F04E2 /* AnimationView.h */,
				6348CCA51F3C3FD4007F04E2 /* AnimationView.m */,
			);
			name = "高仿微博动画";
			sourceTree = "<group>";
		};
		6348CCAF1F3C4D09007F04E2 /* Layer动画 */ = {
			isa = PBXGroup;
			children = (
				6348CCB01F3C4D30007F04E2 /* LayerViewController.h */,
				6348CCB11F3C4D30007F04E2 /* LayerViewController.m */,
			);
			name = "Layer动画";
			sourceTree = "<group>";
		};
		636E57301F3AA8000018825A = {
			isa = PBXGroup;
			children = (
				636E573B1F3AA8000018825A /* YYText */,
				636E57551F3AA8010018825A /* YYTextTests */,
				636E57601F3AA8010018825A /* YYTextUITests */,
				636E573A1F3AA8000018825A /* Products */,
				20F36367B2E1FB00A14A086A /* Pods */,
				9193C93045BE3A1F35452835 /* Frameworks */,
			);
			sourceTree = "<group>";
		};
		636E573A1F3AA8000018825A /* Products */ = {
			isa = PBXGroup;
			children = (
				636E57391F3AA8000018825A /* YYText.app */,
				636E57521F3AA8010018825A /* YYTextTests.xctest */,
				636E575D1F3AA8010018825A /* YYTextUITests.xctest */,
			);
			name = Products;
			sourceTree = "<group>";
		};
		636E573B1F3AA8000018825A /* YYText */ = {
			isa = PBXGroup;
			children = (
				6348CCA01F3C3885007F04E2 /* tabbar_compose_friend@2x.png */,
				6348CC9E1F3C36DD007F04E2 /* images.bundle */,
				636E57801F3AF6240018825A /* EmoticonQQ.bundle */,
				636E573F1F3AA8000018825A /* AppDelegate.h */,
				636E57401F3AA8000018825A /* AppDelegate.m */,
				6348CCAC1F3C4A13007F04E2 /* MainViewController.h */,
				6348CCAD1F3C4A13007F04E2 /* MainViewController.m */,
				6348CCA71F3C498D007F04E2 /* 图文混排 */,
				6348CCA81F3C499C007F04E2 /* 高仿微博动画 */,
				6348CCAF1F3C4D09007F04E2 /* Layer动画 */,
				636E57451F3AA8010018825A /* Main.storyboard */,
				636E57481F3AA8010018825A /* Assets.xcassets */,
				636E574A1F3AA8010018825A /* LaunchScreen.storyboard */,
				636E574D1F3AA8010018825A /* Info.plist */,
				636E573C1F3AA8000018825A /* Supporting Files */,
			);
			path = YYText;
			sourceTree = "<group>";
		};
		636E573C1F3AA8000018825A /* Supporting Files */ = {
			isa = PBXGroup;
			children = (
				636E573D1F3AA8000018825A /* main.m */,
			);
			name = "Supporting Files";
			sourceTree = "<group>";
		};
		636E57551F3AA8010018825A /* YYTextTests */ = {
			isa = PBXGroup;
			children = (
				636E57561F3AA8010018825A /* YYTextTests.m */,
				636E57581F3AA8010018825A /* Info.plist */,
			);
			path = YYTextTests;
			sourceTree = "<group>";
		};
		636E57601F3AA8010018825A /* YYTextUITests */ = {
			isa = PBXGroup;
			children = (
				636E57611F3AA8010018825A /* YYTextUITests.m */,
				636E57631F3AA8010018825A /* Info.plist */,
			);
			path = YYTextUITests;
			sourceTree = "<group>";
		};
		9193C93045BE3A1F35452835 /* Frameworks */ = {
			isa = PBXGroup;
			children = (
				DDE546FD10C97213F96ADFBA /* libPods-YYText.a */,
			);
			name = Frameworks;
			sourceTree = "<group>";
		};
/* End PBXGroup section */

/* Begin PBXNativeTarget section */
		636E57381F3AA8000018825A /* YYText */ = {
			isa = PBXNativeTarget;
			buildConfigurationList = 636E57661F3AA8010018825A /* Build configuration list for PBXNativeTarget "YYText" */;
			buildPhases = (
				1A3544B06574975A68A013A1 /* [CP] Check Pods Manifest.lock */,
				636E57351F3AA8000018825A /* Sources */,
				636E57361F3AA8000018825A /* Frameworks */,
				636E57371F3AA8000018825A /* Resources */,
				99824EA8947FC9DDC5210493 /* [CP] Embed Pods Frameworks */,
				89150D9FAFEA79F457EB3F6C /* [CP] Copy Pods Resources */,
			);
			buildRules = (
			);
			dependencies = (
			);
			name = YYText;
			productName = YYText;
			productReference = 636E57391F3AA8000018825A /* YYText.app */;
			productType = "com.apple.product-type.application";
		};
		636E57511F3AA8010018825A /* YYTextTests */ = {
			isa = PBXNativeTarget;
			buildConfigurationList = 636E57691F3AA8010018825A /* Build configuration list for PBXNativeTarget "YYTextTests" */;
			buildPhases = (
				636E574E1F3AA8010018825A /* Sources */,
				636E574F1F3AA8010018825A /* Frameworks */,
				636E57501F3AA8010018825A /* Resources */,
			);
			buildRules = (
			);
			dependencies = (
				636E57541F3AA8010018825A /* PBXTargetDependency */,
			);
			name = YYTextTests;
			productName = YYTextTests;
			productReference = 636E57521F3AA8010018825A /* YYTextTests.xctest */;
			productType = "com.apple.product-type.bundle.unit-test";
		};
		636E575C1F3AA8010018825A /* YYTextUITests */ = {
			isa = PBXNativeTarget;
			buildConfigurationList = 636E576C1F3AA8010018825A /* Build configuration list for PBXNativeTarget "YYTextUITests" */;
			buildPhases = (
				636E57591F3AA8010018825A /* Sources */,
				636E575A1F3AA8010018825A /* Frameworks */,
				636E575B1F3AA8010018825A /* Resources */,
			);
			buildRules = (
			);
			dependencies = (
				636E575F1F3AA8010018825A /* PBXTargetDependency */,
			);
			name = YYTextUITests;
			productName = YYTextUITests;
			productReference = 636E575D1F3AA8010018825A /* YYTextUITests.xctest */;
			productType = "com.apple.product-type.bundle.ui-testing";
		};
/* End PBXNativeTarget section */

/* Begin PBXProject section */
		636E57311F3AA8000018825A /* Project object */ = {
			isa = PBXProject;
			attributes = {
				LastUpgradeCheck = 0830;
				ORGANIZATIONNAME = com.wh1.guozhentang;
				TargetAttributes = {
					636E57381F3AA8000018825A = {
						CreatedOnToolsVersion = 8.3.3;
						ProvisioningStyle = Automatic;
					};
					636E57511F3AA8010018825A = {
						CreatedOnToolsVersion = 8.3.3;
						ProvisioningStyle = Automatic;
						TestTargetID = 636E57381F3AA8000018825A;
					};
					636E575C1F3AA8010018825A = {
						CreatedOnToolsVersion = 8.3.3;
						ProvisioningStyle = Automatic;
						TestTargetID = 636E57381F3AA8000018825A;
					};
				};
			};
			buildConfigurationList = 636E57341F3AA8000018825A /* Build configuration list for PBXProject "YYText" */;
			compatibilityVersion = "Xcode 3.2";
			developmentRegion = English;
			hasScannedForEncodings = 0;
			knownRegions = (
				en,
				Base,
			);
			mainGroup = 636E57301F3AA8000018825A;
			productRefGroup = 636E573A1F3AA8000018825A /* Products */;
			projectDirPath = "";
			projectRoot = "";
			targets = (
				636E57381F3AA8000018825A /* YYText */,
				636E57511F3AA8010018825A /* YYTextTests */,
				636E575C1F3AA8010018825A /* YYTextUITests */,
			);
		};
/* End PBXProject section */

/* Begin PBXResourcesBuildPhase section */
		636E57371F3AA8000018825A /* Resources */ = {
			isa = PBXResourcesBuildPhase;
			buildActionMask = 2147483647;
			files = (
				6348CC9F1F3C36DD007F04E2 /* images.bundle in Resources */,
				636E574C1F3AA8010018825A /* LaunchScreen.storyboard in Resources */,
				636E57811F3AF6240018825A /* EmoticonQQ.bundle in Resources */,
				636E57491F3AA8010018825A /* Assets.xcassets in Resources */,
				636E57471F3AA8010018825A /* Main.storyboard in Resources */,
				6348CCA11F3C3885007F04E2 /* tabbar_compose_friend@2x.png in Resources */,
			);
			runOnlyForDeploymentPostprocessing = 0;
		};
		636E57501F3AA8010018825A /* Resources */ = {
			isa = PBXResourcesBuildPhase;
			buildActionMask = 2147483647;
			files = (
			);
			runOnlyForDeploymentPostprocessing = 0;
		};
		636E575B1F3AA8010018825A /* Resources */ = {
			isa = PBXResourcesBuildPhase;
			buildActionMask = 2147483647;
			files = (
			);
			runOnlyForDeploymentPostprocessing = 0;
		};
/* End PBXResourcesBuildPhase section */

/* Begin PBXShellScriptBuildPhase section */
		1A3544B06574975A68A013A1 /* [CP] Check Pods Manifest.lock */ = {
			isa = PBXShellScriptBuildPhase;
			buildActionMask = 2147483647;
			files = (
			);
			inputPaths = (
			);
			name = "[CP] Check Pods Manifest.lock";
			outputPaths = (
			);
			runOnlyForDeploymentPostprocessing = 0;
			shellPath = /bin/sh;
			shellScript = "diff \"${PODS_PODFILE_DIR_PATH}/Podfile.lock\" \"${PODS_ROOT}/Manifest.lock\" > /dev/null\nif [ $? != 0 ] ; then\n    # print error to STDERR\n    echo \"error: The sandbox is not in sync with the Podfile.lock. Run 'pod install' or update your CocoaPods installation.\" >&2\n    exit 1\nfi\n";
			showEnvVarsInLog = 0;
		};
		89150D9FAFEA79F457EB3F6C /* [CP] Copy Pods Resources */ = {
			isa = PBXShellScriptBuildPhase;
			buildActionMask = 2147483647;
			files = (
			);
			inputPaths = (
			);
			name = "[CP] Copy Pods Resources";
			outputPaths = (
			);
			runOnlyForDeploymentPostprocessing = 0;
			shellPath = /bin/sh;
			shellScript = "\"${SRCROOT}/Pods/Target Support Files/Pods-YYText/Pods-YYText-resources.sh\"\n";
			showEnvVarsInLog = 0;
		};
		99824EA8947FC9DDC5210493 /* [CP] Embed Pods Frameworks */ = {
			isa = PBXShellScriptBuildPhase;
			buildActionMask = 2147483647;
			files = (
			);
			inputPaths = (
			);
			name = "[CP] Embed Pods Frameworks";
			outputPaths = (
			);
			runOnlyForDeploymentPostprocessing = 0;
			shellPath = /bin/sh;
			shellScript = "\"${SRCROOT}/Pods/Target Support Files/Pods-YYText/Pods-YYText-frameworks.sh\"\n";
			showEnvVarsInLog = 0;
		};
/* End PBXShellScriptBuildPhase section */

/* Begin PBXSourcesBuildPhase section */
		636E57351F3AA8000018825A /* Sources */ = {
			isa = PBXSourcesBuildPhase;
			buildActionMask = 2147483647;
			files = (
				636E57711F3AB0AF0018825A /* YYTextManager.m in Sources */,
				636E57441F3AA8010018825A /* ViewController.m in Sources */,
				6348CCAB1F3C49C8007F04E2 /* ViewController1.m in Sources */,
				636E57411F3AA8000018825A /* AppDelegate.m in Sources */,
				6348CCB21F3C4D30007F04E2 /* LayerViewController.m in Sources */,
				6348CCAE1F3C4A13007F04E2 /* MainViewController.m in Sources */,
				636E573E1F3AA8000018825A /* main.m in Sources */,
				6348CCA61F3C3FD4007F04E2 /* AnimationView.m in Sources */,
			);
			runOnlyForDeploymentPostprocessing = 0;
		};
		636E574E1F3AA8010018825A /* Sources */ = {
			isa = PBXSourcesBuildPhase;
			buildActionMask = 2147483647;
			files = (
				636E57571F3AA8010018825A /* YYTextTests.m in Sources */,
			);
			runOnlyForDeploymentPostprocessing = 0;
		};
		636E57591F3AA8010018825A /* Sources */ = {
			isa = PBXSourcesBuildPhase;
			buildActionMask = 2147483647;
			files = (
				636E57621F3AA8010018825A /* YYTextUITests.m in Sources */,
			);
			runOnlyForDeploymentPostprocessing = 0;
		};
/* End PBXSourcesBuildPhase section */

/* Begin PBXTargetDependency section */
		636E57541F3AA8010018825A /* PBXTargetDependency */ = {
			isa = PBXTargetDependency;
			target = 636E57381F3AA8000018825A /* YYText */;
			targetProxy = 636E57531F3AA8010018825A /* PBXContainerItemProxy */;
		};
		636E575F1F3AA8010018825A /* PBXTargetDependency */ = {
			isa = PBXTargetDependency;
			target = 636E57381F3AA8000018825A /* YYText */;
			targetProxy = 636E575E1F3AA8010018825A /* PBXContainerItemProxy */;
		};
/* End PBXTargetDependency section */

/* Begin PBXVariantGroup section */
		636E57451F3AA8010018825A /* Main.storyboard */ = {
			isa = PBXVariantGroup;
			children = (
				636E57461F3AA8010018825A /* Base */,
			);
			name = Main.storyboard;
			sourceTree = "<group>";
		};
		636E574A1F3AA8010018825A /* LaunchScreen.storyboard */ = {
			isa = PBXVariantGroup;
			children = (
				636E574B1F3AA8010018825A /* Base */,
			);
			name = LaunchScreen.storyboard;
			sourceTree = "<group>";
		};
/* End PBXVariantGroup section */

/* Begin XCBuildConfiguration section */
		636E57641F3AA8010018825A /* Debug */ = {
			isa = XCBuildConfiguration;
			buildSettings = {
				ALWAYS_SEARCH_USER_PATHS = NO;
				CLANG_ANALYZER_NONNULL = YES;
				CLANG_ANALYZER_NUMBER_OBJECT_CONVERSION = YES_AGGRESSIVE;
				CLANG_CXX_LANGUAGE_STANDARD = "gnu++0x";
				CLANG_CXX_LIBRARY = "libc++";
				CLANG_ENABLE_MODULES = YES;
				CLANG_ENABLE_OBJC_ARC = YES;
				CLANG_WARN_BOOL_CONVERSION = YES;
				CLANG_WARN_CONSTANT_CONVERSION = YES;
				CLANG_WARN_DIRECT_OBJC_ISA_USAGE = YES_ERROR;
				CLANG_WARN_DOCUMENTATION_COMMENTS = YES;
				CLANG_WARN_EMPTY_BODY = YES;
				CLANG_WARN_ENUM_CONVERSION = YES;
				CLANG_WARN_INFINITE_RECURSION = YES;
				CLANG_WARN_INT_CONVERSION = YES;
				CLANG_WARN_OBJC_ROOT_CLASS = YES_ERROR;
				CLANG_WARN_SUSPICIOUS_MOVE = YES;
				CLANG_WARN_UNREACHABLE_CODE = YES;
				CLANG_WARN__DUPLICATE_METHOD_MATCH = YES;
				"CODE_SIGN_IDENTITY[sdk=iphoneos*]" = "iPhone Developer";
				COPY_PHASE_STRIP = NO;
				DEBUG_INFORMATION_FORMAT = dwarf;
				ENABLE_STRICT_OBJC_MSGSEND = YES;
				ENABLE_TESTABILITY = YES;
				GCC_C_LANGUAGE_STANDARD = gnu99;
				GCC_DYNAMIC_NO_PIC = NO;
				GCC_NO_COMMON_BLOCKS = YES;
				GCC_OPTIMIZATION_LEVEL = 0;
				GCC_PREPROCESSOR_DEFINITIONS = (
					"DEBUG=1",
					"$(inherited)",
				);
				GCC_WARN_64_TO_32_BIT_CONVERSION = YES;
				GCC_WARN_ABOUT_RETURN_TYPE = YES_ERROR;
				GCC_WARN_UNDECLARED_SELECTOR = YES;
				GCC_WARN_UNINITIALIZED_AUTOS = YES_AGGRESSIVE;
				GCC_WARN_UNUSED_FUNCTION = YES;
				GCC_WARN_UNUSED_VARIABLE = YES;
				IPHONEOS_DEPLOYMENT_TARGET = 10.3;
				MTL_ENABLE_DEBUG_INFO = YES;
				ONLY_ACTIVE_ARCH = YES;
				SDKROOT = iphoneos;
			};
			name = Debug;
		};
		636E57651F3AA8010018825A /* Release */ = {
			isa = XCBuildConfiguration;
			buildSettings = {
				ALWAYS_SEARCH_USER_PATHS = NO;
				CLANG_ANALYZER_NONNULL = YES;
				CLANG_ANALYZER_NUMBER_OBJECT_CONVERSION = YES_AGGRESSIVE;
				CLANG_CXX_LANGUAGE_STANDARD = "gnu++0x";
				CLANG_CXX_LIBRARY = "libc++";
				CLANG_ENABLE_MODULES = YES;
				CLANG_ENABLE_OBJC_ARC = YES;
				CLANG_WARN_BOOL_CONVERSION = YES;
				CLANG_WARN_CONSTANT_CONVERSION = YES;
				CLANG_WARN_DIRECT_OBJC_ISA_USAGE = YES_ERROR;
				CLANG_WARN_DOCUMENTATION_COMMENTS = YES;
				CLANG_WARN_EMPTY_BODY = YES;
				CLANG_WARN_ENUM_CONVERSION = YES;
				CLANG_WARN_INFINITE_RECURSION = YES;
				CLANG_WARN_INT_CONVERSION = YES;
				CLANG_WARN_OBJC_ROOT_CLASS = YES_ERROR;
				CLANG_WARN_SUSPICIOUS_MOVE = YES;
				CLANG_WARN_UNREACHABLE_CODE = YES;
				CLANG_WARN__DUPLICATE_METHOD_MATCH = YES;
				"CODE_SIGN_IDENTITY[sdk=iphoneos*]" = "iPhone Developer";
				COPY_PHASE_STRIP = NO;
				DEBUG_INFORMATION_FORMAT = "dwarf-with-dsym";
				ENABLE_NS_ASSERTIONS = NO;
				ENABLE_STRICT_OBJC_MSGSEND = YES;
				GCC_C_LANGUAGE_STANDARD = gnu99;
				GCC_NO_COMMON_BLOCKS = YES;
				GCC_WARN_64_TO_32_BIT_CONVERSION = YES;
				GCC_WARN_ABOUT_RETURN_TYPE = YES_ERROR;
				GCC_WARN_UNDECLARED_SELECTOR = YES;
				GCC_WARN_UNINITIALIZED_AUTOS = YES_AGGRESSIVE;
				GCC_WARN_UNUSED_FUNCTION = YES;
				GCC_WARN_UNUSED_VARIABLE = YES;
				IPHONEOS_DEPLOYMENT_TARGET = 10.3;
				MTL_ENABLE_DEBUG_INFO = NO;
				SDKROOT = iphoneos;
				VALIDATE_PRODUCT = YES;
			};
			name = Release;
		};
		636E57671F3AA8010018825A /* Debug */ = {
			isa = XCBuildConfiguration;
			baseConfigurationReference = 973D63001DD7126D1F897000 /* Pods-YYText.debug.xcconfig */;
			buildSettings = {
				ASSETCATALOG_COMPILER_APPICON_NAME = AppIcon;
				INFOPLIST_FILE = YYText/Info.plist;
				LD_RUNPATH_SEARCH_PATHS = "$(inherited) @executable_path/Frameworks";
				PRODUCT_BUNDLE_IDENTIFIER = cn.jft365.yunfengchao.YYText;
				PRODUCT_NAME = "$(TARGET_NAME)";
			};
			name = Debug;
		};
		636E57681F3AA8010018825A /* Release */ = {
			isa = XCBuildConfiguration;
			baseConfigurationReference = 30A6791D1503951D0FDA45CA /* Pods-YYText.release.xcconfig */;
			buildSettings = {
				ASSETCATALOG_COMPILER_APPICON_NAME = AppIcon;
				INFOPLIST_FILE = YYText/Info.plist;
				LD_RUNPATH_SEARCH_PATHS = "$(inherited) @executable_path/Frameworks";
				PRODUCT_BUNDLE_IDENTIFIER = cn.jft365.yunfengchao.YYText;
				PRODUCT_NAME = "$(TARGET_NAME)";
			};
			name = Release;
		};
		636E576A1F3AA8010018825A /* Debug */ = {
			isa = XCBuildConfiguration;
			buildSettings = {
				BUNDLE_LOADER = "$(TEST_HOST)";
				INFOPLIST_FILE = YYTextTests/Info.plist;
				LD_RUNPATH_SEARCH_PATHS = "$(inherited) @executable_path/Frameworks @loader_path/Frameworks";
				PRODUCT_BUNDLE_IDENTIFIER = cn.jft365.yunfengchao.YYTextTests;
				PRODUCT_NAME = "$(TARGET_NAME)";
				TEST_HOST = "$(BUILT_PRODUCTS_DIR)/YYText.app/YYText";
			};
			name = Debug;
		};
		636E576B1F3AA8010018825A /* Release */ = {
			isa = XCBuildConfiguration;
			buildSettings = {
				BUNDLE_LOADER = "$(TEST_HOST)";
				INFOPLIST_FILE = YYTextTests/Info.plist;
				LD_RUNPATH_SEARCH_PATHS = "$(inherited) @executable_path/Frameworks @loader_path/Frameworks";
				PRODUCT_BUNDLE_IDENTIFIER = cn.jft365.yunfengchao.YYTextTests;
				PRODUCT_NAME = "$(TARGET_NAME)";
				TEST_HOST = "$(BUILT_PRODUCTS_DIR)/YYText.app/YYText";
			};
			name = Release;
		};
		636E576D1F3AA8010018825A /* Debug */ = {
			isa = XCBuildConfiguration;
			buildSettings = {
				INFOPLIST_FILE = YYTextUITests/Info.plist;
				LD_RUNPATH_SEARCH_PATHS = "$(inherited) @executable_path/Frameworks @loader_path/Frameworks";
				PRODUCT_BUNDLE_IDENTIFIER = cn.jft365.yunfengchao.YYTextUITests;
				PRODUCT_NAME = "$(TARGET_NAME)";
				TEST_TARGET_NAME = YYText;
			};
			name = Debug;
		};
		636E576E1F3AA8010018825A /* Release */ = {
			isa = XCBuildConfiguration;
			buildSettings = {
				INFOPLIST_FILE = YYTextUITests/Info.plist;
				LD_RUNPATH_SEARCH_PATHS = "$(inherited) @executable_path/Frameworks @loader_path/Frameworks";
				PRODUCT_BUNDLE_IDENTIFIER = cn.jft365.yunfengchao.YYTextUITests;
				PRODUCT_NAME = "$(TARGET_NAME)";
				TEST_TARGET_NAME = YYText;
			};
			name = Release;
		};
/* End XCBuildConfiguration section */

/* Begin XCConfigurationList section */
		636E57341F3AA8000018825A /* Build configuration list for PBXProject "YYText" */ = {
			isa = XCConfigurationList;
			buildConfigurations = (
				636E57641F3AA8010018825A /* Debug */,
				636E57651F3AA8010018825A /* Release */,
			);
			defaultConfigurationIsVisible = 0;
			defaultConfigurationName = Release;
		};
		636E57661F3AA8010018825A /* Build configuration list for PBXNativeTarget "YYText" */ = {
			isa = XCConfigurationList;
			buildConfigurations = (
				636E57671F3AA8010018825A /* Debug */,
				636E57681F3AA8010018825A /* Release */,
			);
			defaultConfigurationIsVisible = 0;
			defaultConfigurationName = Release;
		};
		636E57691F3AA8010018825A /* Build configuration list for PBXNativeTarget "YYTextTests" */ = {
			isa = XCConfigurationList;
			buildConfigurations = (
				636E576A1F3AA8010018825A /* Debug */,
				636E576B1F3AA8010018825A /* Release */,
			);
			defaultConfigurationIsVisible = 0;
			defaultConfigurationName = Release;
		};
		636E576C1F3AA8010018825A /* Build configuration list for PBXNativeTarget "YYTextUITests" */ = {
			isa = XCConfigurationList;
			buildConfigurations = (
				636E576D1F3AA8010018825A /* Debug */,
				636E576E1F3AA8010018825A /* Release */,
			);
			defaultConfigurationIsVisible = 0;
			defaultConfigurationName = Release;
		};
/* End XCConfigurationList section */
	};
	rootObject = 636E57311F3AA8000018825A /* Project object */;
}
